// !$*UTF8*$!
{
	archiveVersion = 1;
	classes = {
	};
	objectVersion = 51;
	objects = {

/* Begin PBXBuildFile section */
		751EEB3425FA97050077E8A5 /* List+Separator.swift in Sources */ = {isa = PBXBuildFile; fileRef = 751EEB3325FA97050077E8A5 /* List+Separator.swift */; };
		751EEB3825FA9A740077E8A5 /* SearchBar.swift in Sources */ = {isa = PBXBuildFile; fileRef = 751EEB3725FA9A740077E8A5 /* SearchBar.swift */; };
		752252C7261B8CB7001DA6AF /* UIViewController+LocalExtensions.swift in Sources */ = {isa = PBXBuildFile; fileRef = 752252C6261B8CB7001DA6AF /* UIViewController+LocalExtensions.swift */; };
		7531224B25FFF0E4004E59E5 /* View+Extensions.swift in Sources */ = {isa = PBXBuildFile; fileRef = 7531224A25FFF0E3004E59E5 /* View+Extensions.swift */; };
		7531224F25FFF533004E59E5 /* AuthenticationViewController.swift in Sources */ = {isa = PBXBuildFile; fileRef = 7531224E25FFF533004E59E5 /* AuthenticationViewController.swift */; };
		7531226A25FFF5F5004E59E5 /* AuthenticationViewController.storyboard in Resources */ = {isa = PBXBuildFile; fileRef = 7531226925FFF5F5004E59E5 /* AuthenticationViewController.storyboard */; };
		753122AA25FFF966004E59E5 /* UserObject.swift in Sources */ = {isa = PBXBuildFile; fileRef = 753122A825FFF965004E59E5 /* UserObject.swift */; };
		753122AB25FFF966004E59E5 /* CurrentUserManager.swift in Sources */ = {isa = PBXBuildFile; fileRef = 753122A925FFF965004E59E5 /* CurrentUserManager.swift */; };
		753122BF25FFFA49004E59E5 /* FirestoreError.swift in Sources */ = {isa = PBXBuildFile; fileRef = 753122B025FFFA45004E59E5 /* FirestoreError.swift */; };
		753122C025FFFA49004E59E5 /* FirestoreService+User.swift in Sources */ = {isa = PBXBuildFile; fileRef = 753122B125FFFA45004E59E5 /* FirestoreService+User.swift */; };
		753122C125FFFA49004E59E5 /* FirestoreService.swift in Sources */ = {isa = PBXBuildFile; fileRef = 753122B225FFFA45004E59E5 /* FirestoreService.swift */; };
		753122C425FFFA49004E59E5 /* AuthenticationError.swift in Sources */ = {isa = PBXBuildFile; fileRef = 753122B625FFFA46004E59E5 /* AuthenticationError.swift */; };
		753122C525FFFA49004E59E5 /* FirebaseAuthenticationService.swift in Sources */ = {isa = PBXBuildFile; fileRef = 753122B725FFFA46004E59E5 /* FirebaseAuthenticationService.swift */; };
		753122C725FFFA49004E59E5 /* PersistantStoreService.swift in Sources */ = {isa = PBXBuildFile; fileRef = 753122BA25FFFA48004E59E5 /* PersistantStoreService.swift */; };
		753122C825FFFA49004E59E5 /* PersistantStoreService+User.swift in Sources */ = {isa = PBXBuildFile; fileRef = 753122BB25FFFA48004E59E5 /* PersistantStoreService+User.swift */; };
		753122C925FFFA49004E59E5 /* PersistantStoreService+LaunchesCounting.swift in Sources */ = {isa = PBXBuildFile; fileRef = 753122BC25FFFA48004E59E5 /* PersistantStoreService+LaunchesCounting.swift */; };
		753122D325FFFAA9004E59E5 /* Property.swift in Sources */ = {isa = PBXBuildFile; fileRef = 753122D025FFFAA9004E59E5 /* Property.swift */; };
		753122D425FFFAA9004E59E5 /* Signal.swift in Sources */ = {isa = PBXBuildFile; fileRef = 753122D125FFFAA9004E59E5 /* Signal.swift */; };
		753122D525FFFAA9004E59E5 /* Listener.swift in Sources */ = {isa = PBXBuildFile; fileRef = 753122D225FFFAA9004E59E5 /* Listener.swift */; };
		754DAAF1261B815700F96D0A /* BaseViewModel.swift in Sources */ = {isa = PBXBuildFile; fileRef = 754DAAF0261B815700F96D0A /* BaseViewModel.swift */; };
		754DAAF4261B819900F96D0A /* BaseViewController.swift in Sources */ = {isa = PBXBuildFile; fileRef = 754DAAF3261B819900F96D0A /* BaseViewController.swift */; };
		754DAB00261B83EC00F96D0A /* UIView+Extension.swift in Sources */ = {isa = PBXBuildFile; fileRef = 754DAAFF261B83EC00F96D0A /* UIView+Extension.swift */; };
		754DAB04261B849900F96D0A /* AuthenticationViewModel.swift in Sources */ = {isa = PBXBuildFile; fileRef = 754DAB03261B849900F96D0A /* AuthenticationViewModel.swift */; };
		754DAB0A261B86BA00F96D0A /* PersistantStorage.swift in Sources */ = {isa = PBXBuildFile; fileRef = 754DAB09261B86BA00F96D0A /* PersistantStorage.swift */; };
		7564E98A25E8090B003F4933 /* AppDelegate.swift in Sources */ = {isa = PBXBuildFile; fileRef = 7564E98925E8090B003F4933 /* AppDelegate.swift */; };
		7564E98C25E8090B003F4933 /* SceneDelegate.swift in Sources */ = {isa = PBXBuildFile; fileRef = 7564E98B25E8090B003F4933 /* SceneDelegate.swift */; };
		7564E98E25E8090B003F4933 /* ViewController.swift in Sources */ = {isa = PBXBuildFile; fileRef = 7564E98D25E8090B003F4933 /* ViewController.swift */; };
		7564E99125E8090B003F4933 /* Main.storyboard in Resources */ = {isa = PBXBuildFile; fileRef = 7564E98F25E8090B003F4933 /* Main.storyboard */; };
		7564E99325E8090F003F4933 /* Assets.xcassets in Resources */ = {isa = PBXBuildFile; fileRef = 7564E99225E8090F003F4933 /* Assets.xcassets */; };
		7564E99625E8090F003F4933 /* LaunchScreen.storyboard in Resources */ = {isa = PBXBuildFile; fileRef = 7564E99425E8090F003F4933 /* LaunchScreen.storyboard */; };
		7564E99F25E80BC0003F4933 /* GoogleService-Info.plist in Resources */ = {isa = PBXBuildFile; fileRef = 7564E99E25E80BC0003F4933 /* GoogleService-Info.plist */; };
		7566B997262C698D008729F3 /* WelcomeScreenViewController.swift in Sources */ = {isa = PBXBuildFile; fileRef = 7566B996262C698D008729F3 /* WelcomeScreenViewController.swift */; };
		7566B99A262C6997008729F3 /* WelcomeScreenViewModel.swift in Sources */ = {isa = PBXBuildFile; fileRef = 7566B999262C6997008729F3 /* WelcomeScreenViewModel.swift */; };
		7566B99D262C699C008729F3 /* WelcomeScreenRouter.swift in Sources */ = {isa = PBXBuildFile; fileRef = 7566B99C262C699C008729F3 /* WelcomeScreenRouter.swift */; };
		7566B9A0262C6A75008729F3 /* WelcomeScreenViewController.storyboard in Resources */ = {isa = PBXBuildFile; fileRef = 7566B99F262C6A75008729F3 /* WelcomeScreenViewController.storyboard */; };
		756CEFAD25EE95FB00B5EA93 /* TabBarController.swift in Sources */ = {isa = PBXBuildFile; fileRef = 756CEFAC25EE95FB00B5EA93 /* TabBarController.swift */; };
		756CEFB025EE963E00B5EA93 /* TabBarRouter.swift in Sources */ = {isa = PBXBuildFile; fileRef = 756CEFAF25EE963E00B5EA93 /* TabBarRouter.swift */; };
		756CEFB425EE96B800B5EA93 /* ProfileRouter.swift in Sources */ = {isa = PBXBuildFile; fileRef = 756CEFB325EE96B800B5EA93 /* ProfileRouter.swift */; };
		756CEFB825EE972E00B5EA93 /* ContactsRouter.swift in Sources */ = {isa = PBXBuildFile; fileRef = 756CEFB725EE972E00B5EA93 /* ContactsRouter.swift */; };
		756CEFBB25EE983100B5EA93 /* ProfileView.swift in Sources */ = {isa = PBXBuildFile; fileRef = 756CEFBA25EE983100B5EA93 /* ProfileView.swift */; };
		75803E8C26307D400022B1F2 /* ChatRoomModel.swift in Sources */ = {isa = PBXBuildFile; fileRef = 75803E8B26307D400022B1F2 /* ChatRoomModel.swift */; };
		75803E9026307D870022B1F2 /* MessageModel.swift in Sources */ = {isa = PBXBuildFile; fileRef = 75803E8F26307D870022B1F2 /* MessageModel.swift */; };
		75803E9426307EA30022B1F2 /* UserLocationService.swift in Sources */ = {isa = PBXBuildFile; fileRef = 75803E9326307EA30022B1F2 /* UserLocationService.swift */; };
		75803E9826307EC80022B1F2 /* LocationCoordinates.swift in Sources */ = {isa = PBXBuildFile; fileRef = 75803E9726307EC80022B1F2 /* LocationCoordinates.swift */; };
		75803E9C263081120022B1F2 /* ChatRoomsCell.swift in Sources */ = {isa = PBXBuildFile; fileRef = 75803E9B263081120022B1F2 /* ChatRoomsCell.swift */; };
		75803EA226308A260022B1F2 /* ChatRoomRouter.swift in Sources */ = {isa = PBXBuildFile; fileRef = 75803EA126308A260022B1F2 /* ChatRoomRouter.swift */; };
		75803EA626308A440022B1F2 /* ChatRoomViewModel.swift in Sources */ = {isa = PBXBuildFile; fileRef = 75803EA526308A440022B1F2 /* ChatRoomViewModel.swift */; };
		75803EA926308A740022B1F2 /* ChatRoomViewController.swift in Sources */ = {isa = PBXBuildFile; fileRef = 75803EA826308A740022B1F2 /* ChatRoomViewController.swift */; };
		759BF185262734CB003D8FAE /* CreateProfileViewController.swift in Sources */ = {isa = PBXBuildFile; fileRef = 759BF184262734CB003D8FAE /* CreateProfileViewController.swift */; };
		759BF189262734E1003D8FAE /* CreateProfileViewModel.swift in Sources */ = {isa = PBXBuildFile; fileRef = 759BF188262734E1003D8FAE /* CreateProfileViewModel.swift */; };
		759BF18C262734E6003D8FAE /* CreateProfileRouter.swift in Sources */ = {isa = PBXBuildFile; fileRef = 759BF18B262734E6003D8FAE /* CreateProfileRouter.swift */; };
		759BF18F262734F1003D8FAE /* CreateProfileViewController.storyboard in Resources */ = {isa = PBXBuildFile; fileRef = 759BF18E262734F1003D8FAE /* CreateProfileViewController.storyboard */; };
		759BF193262834DB003D8FAE /* ChatRoomsListViewController.swift in Sources */ = {isa = PBXBuildFile; fileRef = 759BF192262834DB003D8FAE /* ChatRoomsListViewController.swift */; };
		759BF1962628355F003D8FAE /* ChatRoomsListViewModel.swift in Sources */ = {isa = PBXBuildFile; fileRef = 759BF1952628355F003D8FAE /* ChatRoomsListViewModel.swift */; };
		759BF19926283565003D8FAE /* ChatRoomsListRouter.swift in Sources */ = {isa = PBXBuildFile; fileRef = 759BF19826283565003D8FAE /* ChatRoomsListRouter.swift */; };
		759BF19C262835AD003D8FAE /* ChatRoomsListViewController.storyboard in Resources */ = {isa = PBXBuildFile; fileRef = 759BF19B262835AD003D8FAE /* ChatRoomsListViewController.storyboard */; };
		759BF1BA26286A58003D8FAE /* Codable+Extensions.swift in Sources */ = {isa = PBXBuildFile; fileRef = 759BF1B926286A58003D8FAE /* Codable+Extensions.swift */; };
		759BF1BE2629DCA5003D8FAE /* UserProfileModel.swift in Sources */ = {isa = PBXBuildFile; fileRef = 759BF1BD2629DCA5003D8FAE /* UserProfileModel.swift */; };
		759BF212262C46A7003D8FAE /* AttributedTextBlock.swift in Sources */ = {isa = PBXBuildFile; fileRef = 759BF1C4262C46A4003D8FAE /* AttributedTextBlock.swift */; };
		759BF213262C46A7003D8FAE /* TextViewController.swift in Sources */ = {isa = PBXBuildFile; fileRef = 759BF1C5262C46A4003D8FAE /* TextViewController.swift */; };
		759BF214262C46A7003D8FAE /* Array+Extensions.swift in Sources */ = {isa = PBXBuildFile; fileRef = 759BF1C7262C46A4003D8FAE /* Array+Extensions.swift */; };
		759BF215262C46A7003D8FAE /* UISegmentedControl+Extensions.swift in Sources */ = {isa = PBXBuildFile; fileRef = 759BF1C8262C46A4003D8FAE /* UISegmentedControl+Extensions.swift */; };
		759BF216262C46A7003D8FAE /* UIImageView+Extensions.swift in Sources */ = {isa = PBXBuildFile; fileRef = 759BF1C9262C46A4003D8FAE /* UIImageView+Extensions.swift */; };
		759BF217262C46A7003D8FAE /* UIViewController+Extensions.swift in Sources */ = {isa = PBXBuildFile; fileRef = 759BF1CA262C46A4003D8FAE /* UIViewController+Extensions.swift */; };
		759BF218262C46A7003D8FAE /* UIView+Extensions.swift in Sources */ = {isa = PBXBuildFile; fileRef = 759BF1CB262C46A4003D8FAE /* UIView+Extensions.swift */; };
		759BF219262C46A7003D8FAE /* Date+Extension.swift in Sources */ = {isa = PBXBuildFile; fileRef = 759BF1CC262C46A4003D8FAE /* Date+Extension.swift */; };
		759BF21A262C46A7003D8FAE /* String+Extensions.swift in Sources */ = {isa = PBXBuildFile; fileRef = 759BF1CD262C46A4003D8FAE /* String+Extensions.swift */; };
		759BF21B262C46A7003D8FAE /* UITextView+Extensions.swift in Sources */ = {isa = PBXBuildFile; fileRef = 759BF1CE262C46A4003D8FAE /* UITextView+Extensions.swift */; };
		759BF21C262C46A7003D8FAE /* UIColor+Extensions.swift in Sources */ = {isa = PBXBuildFile; fileRef = 759BF1CF262C46A4003D8FAE /* UIColor+Extensions.swift */; };
		759BF21D262C46A7003D8FAE /* UIImage+Extensions.swift in Sources */ = {isa = PBXBuildFile; fileRef = 759BF1D0262C46A4003D8FAE /* UIImage+Extensions.swift */; };
		759BF21E262C46A7003D8FAE /* UISearchBar+Extensions.swift in Sources */ = {isa = PBXBuildFile; fileRef = 759BF1D1262C46A4003D8FAE /* UISearchBar+Extensions.swift */; };
		759BF21F262C46A7003D8FAE /* UIApplication+Extensions.swift in Sources */ = {isa = PBXBuildFile; fileRef = 759BF1D2262C46A4003D8FAE /* UIApplication+Extensions.swift */; };
		759BF220262C46A7003D8FAE /* UIAlertController+Extensions.swift in Sources */ = {isa = PBXBuildFile; fileRef = 759BF1D3262C46A4003D8FAE /* UIAlertController+Extensions.swift */; };
		759BF221262C46A7003D8FAE /* Optional+Extensions.swift in Sources */ = {isa = PBXBuildFile; fileRef = 759BF1D4262C46A4003D8FAE /* Optional+Extensions.swift */; };
		759BF222262C46A7003D8FAE /* Common+Extensions.swift in Sources */ = {isa = PBXBuildFile; fileRef = 759BF1D5262C46A4003D8FAE /* Common+Extensions.swift */; };
		759BF223262C46A7003D8FAE /* Locale+Extensions.swift in Sources */ = {isa = PBXBuildFile; fileRef = 759BF1D6262C46A4003D8FAE /* Locale+Extensions.swift */; };
		759BF224262C46A7003D8FAE /* UITextField+Extensions.swift in Sources */ = {isa = PBXBuildFile; fileRef = 759BF1D7262C46A4003D8FAE /* UITextField+Extensions.swift */; };
		759BF225262C46A7003D8FAE /* Countries.bundle in Resources */ = {isa = PBXBuildFile; fileRef = 759BF1DA262C46A5003D8FAE /* Countries.bundle */; };
		759BF226262C46A7003D8FAE /* LocaleStore.swift in Sources */ = {isa = PBXBuildFile; fileRef = 759BF1DC262C46A5003D8FAE /* LocaleStore.swift */; };
		759BF227262C46A7003D8FAE /* LocaleInfo.swift in Sources */ = {isa = PBXBuildFile; fileRef = 759BF1DE262C46A5003D8FAE /* LocaleInfo.swift */; };
		759BF228262C46A7003D8FAE /* LocalePickerViewController.swift in Sources */ = {isa = PBXBuildFile; fileRef = 759BF1DF262C46A5003D8FAE /* LocalePickerViewController.swift */; };
		759BF229262C46A7003D8FAE /* PhoneCodeCell.swift in Sources */ = {isa = PBXBuildFile; fileRef = 759BF1E1262C46A5003D8FAE /* PhoneCodeCell.swift */; };
		759BF22A262C46A7003D8FAE /* CurrencyCell.swift in Sources */ = {isa = PBXBuildFile; fileRef = 759BF1E2262C46A5003D8FAE /* CurrencyCell.swift */; };
		759BF22B262C46A7003D8FAE /* CountryCell.swift in Sources */ = {isa = PBXBuildFile; fileRef = 759BF1E3262C46A6003D8FAE /* CountryCell.swift */; };
		759BF22C262C46A7003D8FAE /* TwoTextFieldsViewController.swift in Sources */ = {isa = PBXBuildFile; fileRef = 759BF1E5262C46A6003D8FAE /* TwoTextFieldsViewController.swift */; };
		759BF22D262C46A7003D8FAE /* OneTextFieldViewController.swift in Sources */ = {isa = PBXBuildFile; fileRef = 759BF1E6262C46A6003D8FAE /* OneTextFieldViewController.swift */; };
		759BF22E262C46A7003D8FAE /* Assets.swift in Sources */ = {isa = PBXBuildFile; fileRef = 759BF1E9262C46A6003D8FAE /* Assets.swift */; };
		759BF22F262C46A7003D8FAE /* PhotoLibraryPickerViewController.swift in Sources */ = {isa = PBXBuildFile; fileRef = 759BF1EA262C46A6003D8FAE /* PhotoLibraryPickerViewController.swift */; };
		759BF230262C46A7003D8FAE /* LocationSearchResultsViewController.swift in Sources */ = {isa = PBXBuildFile; fileRef = 759BF1EC262C46A6003D8FAE /* LocationSearchResultsViewController.swift */; };
		759BF231262C46A7003D8FAE /* LocationPickerViewController.swift in Sources */ = {isa = PBXBuildFile; fileRef = 759BF1ED262C46A6003D8FAE /* LocationPickerViewController.swift */; };
		759BF232262C46A7003D8FAE /* SearchHistoryManager.swift in Sources */ = {isa = PBXBuildFile; fileRef = 759BF1EF262C46A6003D8FAE /* SearchHistoryManager.swift */; };
		759BF233262C46A7003D8FAE /* Location.swift in Sources */ = {isa = PBXBuildFile; fileRef = 759BF1F1262C46A6003D8FAE /* Location.swift */; };
		759BF234262C46A7003D8FAE /* Address.swift in Sources */ = {isa = PBXBuildFile; fileRef = 759BF1F2262C46A6003D8FAE /* Address.swift */; };
		759BF235262C46A7003D8FAE /* PickerViewViewController.swift in Sources */ = {isa = PBXBuildFile; fileRef = 759BF1F4262C46A6003D8FAE /* PickerViewViewController.swift */; };
		759BF236262C46A7003D8FAE /* ContactsPickerViewController.swift in Sources */ = {isa = PBXBuildFile; fileRef = 759BF1F6262C46A6003D8FAE /* ContactsPickerViewController.swift */; };
		759BF237262C46A7003D8FAE /* Contacts.swift in Sources */ = {isa = PBXBuildFile; fileRef = 759BF1F8262C46A6003D8FAE /* Contacts.swift */; };
		759BF238262C46A7003D8FAE /* Contact.swift in Sources */ = {isa = PBXBuildFile; fileRef = 759BF1FA262C46A6003D8FAE /* Contact.swift */; };
		759BF239262C46A7003D8FAE /* ContactCell.swift in Sources */ = {isa = PBXBuildFile; fileRef = 759BF1FC262C46A6003D8FAE /* ContactCell.swift */; };
		759BF23A262C46A7003D8FAE /* ColorPickerViewController.swift in Sources */ = {isa = PBXBuildFile; fileRef = 759BF1FE262C46A6003D8FAE /* ColorPickerViewController.swift */; };
		759BF23B262C46A7003D8FAE /* DatePickerViewController.swift in Sources */ = {isa = PBXBuildFile; fileRef = 759BF200262C46A6003D8FAE /* DatePickerViewController.swift */; };
		759BF23C262C46A7003D8FAE /* ImagePickerViewController.swift in Sources */ = {isa = PBXBuildFile; fileRef = 759BF202262C46A6003D8FAE /* ImagePickerViewController.swift */; };
		759BF23D262C46A7003D8FAE /* ItemWithImage.swift in Sources */ = {isa = PBXBuildFile; fileRef = 759BF204262C46A6003D8FAE /* ItemWithImage.swift */; };
		759BF23E262C46A7003D8FAE /* PhotoLayout.swift in Sources */ = {isa = PBXBuildFile; fileRef = 759BF207262C46A6003D8FAE /* PhotoLayout.swift */; };
		759BF23F262C46A7003D8FAE /* TelegramPickerViewController.swift in Sources */ = {isa = PBXBuildFile; fileRef = 759BF208262C46A6003D8FAE /* TelegramPickerViewController.swift */; };
		759BF240262C46A7003D8FAE /* ItemWithPhoto.swift in Sources */ = {isa = PBXBuildFile; fileRef = 759BF20A262C46A6003D8FAE /* ItemWithPhoto.swift */; };
		759BF241262C46A7003D8FAE /* LikeButtonCell.swift in Sources */ = {isa = PBXBuildFile; fileRef = 759BF20B262C46A6003D8FAE /* LikeButtonCell.swift */; };
		759BF242262C46A7003D8FAE /* Label.swift in Sources */ = {isa = PBXBuildFile; fileRef = 759BF20D262C46A6003D8FAE /* Label.swift */; };
		759BF243262C46A7003D8FAE /* SegmentedControl.swift in Sources */ = {isa = PBXBuildFile; fileRef = 759BF20E262C46A6003D8FAE /* SegmentedControl.swift */; };
		759BF244262C46A7003D8FAE /* GradientSlider.swift in Sources */ = {isa = PBXBuildFile; fileRef = 759BF20F262C46A6003D8FAE /* GradientSlider.swift */; };
		759BF245262C46A7003D8FAE /* AlertableTextField.swift in Sources */ = {isa = PBXBuildFile; fileRef = 759BF210262C46A6003D8FAE /* AlertableTextField.swift */; };
		759BF246262C46A7003D8FAE /* AlertableButton.swift in Sources */ = {isa = PBXBuildFile; fileRef = 759BF211262C46A6003D8FAE /* AlertableButton.swift */; };
		759BF24B262C483C003D8FAE /* FirebaseStorageService.swift in Sources */ = {isa = PBXBuildFile; fileRef = 759BF24A262C483C003D8FAE /* FirebaseStorageService.swift */; };
		759E10DB2637494E00188211 /* ChatRoomViewController.storyboard in Resources */ = {isa = PBXBuildFile; fileRef = 759E10DA2637494E00188211 /* ChatRoomViewController.storyboard */; };
		75A931EA263B3FB7004BEC08 /* TabBarViewModel.swift in Sources */ = {isa = PBXBuildFile; fileRef = 75A931E9263B3FB7004BEC08 /* TabBarViewModel.swift */; };
		75A931EC263B4CD3004BEC08 /* FirestoreService+Chat.swift in Sources */ = {isa = PBXBuildFile; fileRef = 75A931EB263B4CD3004BEC08 /* FirestoreService+Chat.swift */; };
		75A9F5F52624673600A9680F /* PasswordViewController.swift in Sources */ = {isa = PBXBuildFile; fileRef = 75A9F5F42624673600A9680F /* PasswordViewController.swift */; };
		75A9F5F82624678600A9680F /* PasswordViewModel.swift in Sources */ = {isa = PBXBuildFile; fileRef = 75A9F5F72624678600A9680F /* PasswordViewModel.swift */; };
		75A9F5FB2624679600A9680F /* PasswordViewController.storyboard in Resources */ = {isa = PBXBuildFile; fileRef = 75A9F5FA2624679600A9680F /* PasswordViewController.storyboard */; };
		75A9F5FE262467A000A9680F /* PasswordRouter.swift in Sources */ = {isa = PBXBuildFile; fileRef = 75A9F5FD262467A000A9680F /* PasswordRouter.swift */; };
		75A9F602262467AF00A9680F /* AuthenticationRouter.swift in Sources */ = {isa = PBXBuildFile; fileRef = 75A9F601262467AF00A9680F /* AuthenticationRouter.swift */; };
		75E0B3D025EEB6D50028F50B /* ProfileViewModel.swift in Sources */ = {isa = PBXBuildFile; fileRef = 75E0B3CF25EEB6D50028F50B /* ProfileViewModel.swift */; };
		75E82E4625F675EA0058293D /* BaseRouter.swift in Sources */ = {isa = PBXBuildFile; fileRef = 75E82E4525F675EA0058293D /* BaseRouter.swift */; };
		75E82E4A25F679710058293D /* UINavigationController+Completion.swift in Sources */ = {isa = PBXBuildFile; fileRef = 75E82E4925F679710058293D /* UINavigationController+Completion.swift */; };
		75E82E4E25F67A1D0058293D /* TabBarController.storyboard in Resources */ = {isa = PBXBuildFile; fileRef = 75E82E4D25F67A1D0058293D /* TabBarController.storyboard */; };
		75E82E5125F67A7E0058293D /* UIStoryboard+Extensions.swift in Sources */ = {isa = PBXBuildFile; fileRef = 75E82E5025F67A7E0058293D /* UIStoryboard+Extensions.swift */; };
		75E82E5525F67AA50058293D /* NameDescribable.swift in Sources */ = {isa = PBXBuildFile; fileRef = 75E82E5425F67AA50058293D /* NameDescribable.swift */; };
		75E82E5B25F67DE30058293D /* ContactModel.swift in Sources */ = {isa = PBXBuildFile; fileRef = 75E82E5A25F67DE20058293D /* ContactModel.swift */; };
		75E82E5F25F67E160058293D /* ContactsService.swift in Sources */ = {isa = PBXBuildFile; fileRef = 75E82E5E25F67E160058293D /* ContactsService.swift */; };
		75E82E6325F684000058293D /* String+LocalExtensions.swift in Sources */ = {isa = PBXBuildFile; fileRef = 75E82E6225F684000058293D /* String+LocalExtensions.swift */; };
		75E82E6625F684700058293D /* ContactsViewModel.swift in Sources */ = {isa = PBXBuildFile; fileRef = 75E82E6525F684700058293D /* ContactsViewModel.swift */; };
		75E82E6925F6875A0058293D /* ContactsView.swift in Sources */ = {isa = PBXBuildFile; fileRef = 75E82E6825F6875A0058293D /* ContactsView.swift */; };
		75FC9613264468F0009547BA /* DateFormattingManager.swift in Sources */ = {isa = PBXBuildFile; fileRef = 75FC9612264468F0009547BA /* DateFormattingManager.swift */; };
		DA2B59C9D2308CAA47C5B07B /* Pods_Messager.framework in Frameworks */ = {isa = PBXBuildFile; fileRef = 6808EA7362D5992EBE982C06 /* Pods_Messager.framework */; };
/* End PBXBuildFile section */

/* Begin PBXFileReference section */
		019F2A6C07A5272AE194A8E0 /* Pods-Messager.release.xcconfig */ = {isa = PBXFileReference; includeInIndex = 1; lastKnownFileType = text.xcconfig; name = "Pods-Messager.release.xcconfig"; path = "Target Support Files/Pods-Messager/Pods-Messager.release.xcconfig"; sourceTree = "<group>"; };
		6808EA7362D5992EBE982C06 /* Pods_Messager.framework */ = {isa = PBXFileReference; explicitFileType = wrapper.framework; includeInIndex = 0; path = Pods_Messager.framework; sourceTree = BUILT_PRODUCTS_DIR; };
		6BAD0A6A91204E84DDFB3CD0 /* Pods-Messager.debug.xcconfig */ = {isa = PBXFileReference; includeInIndex = 1; lastKnownFileType = text.xcconfig; name = "Pods-Messager.debug.xcconfig"; path = "Target Support Files/Pods-Messager/Pods-Messager.debug.xcconfig"; sourceTree = "<group>"; };
		751EEB3325FA97050077E8A5 /* List+Separator.swift */ = {isa = PBXFileReference; lastKnownFileType = sourcecode.swift; path = "List+Separator.swift"; sourceTree = "<group>"; };
		751EEB3725FA9A740077E8A5 /* SearchBar.swift */ = {isa = PBXFileReference; lastKnownFileType = sourcecode.swift; path = SearchBar.swift; sourceTree = "<group>"; };
		752252C6261B8CB7001DA6AF /* UIViewController+LocalExtensions.swift */ = {isa = PBXFileReference; lastKnownFileType = sourcecode.swift; path = "UIViewController+LocalExtensions.swift"; sourceTree = "<group>"; };
		7531224A25FFF0E3004E59E5 /* View+Extensions.swift */ = {isa = PBXFileReference; lastKnownFileType = sourcecode.swift; path = "View+Extensions.swift"; sourceTree = "<group>"; };
		7531224E25FFF533004E59E5 /* AuthenticationViewController.swift */ = {isa = PBXFileReference; lastKnownFileType = sourcecode.swift; path = AuthenticationViewController.swift; sourceTree = "<group>"; };
		7531226925FFF5F5004E59E5 /* AuthenticationViewController.storyboard */ = {isa = PBXFileReference; lastKnownFileType = file.storyboard; path = AuthenticationViewController.storyboard; sourceTree = "<group>"; };
		753122A825FFF965004E59E5 /* UserObject.swift */ = {isa = PBXFileReference; fileEncoding = 4; lastKnownFileType = sourcecode.swift; path = UserObject.swift; sourceTree = "<group>"; };
		753122A925FFF965004E59E5 /* CurrentUserManager.swift */ = {isa = PBXFileReference; fileEncoding = 4; lastKnownFileType = sourcecode.swift; path = CurrentUserManager.swift; sourceTree = "<group>"; };
		753122B025FFFA45004E59E5 /* FirestoreError.swift */ = {isa = PBXFileReference; fileEncoding = 4; lastKnownFileType = sourcecode.swift; path = FirestoreError.swift; sourceTree = "<group>"; };
		753122B125FFFA45004E59E5 /* FirestoreService+User.swift */ = {isa = PBXFileReference; fileEncoding = 4; lastKnownFileType = sourcecode.swift; path = "FirestoreService+User.swift"; sourceTree = "<group>"; };
		753122B225FFFA45004E59E5 /* FirestoreService.swift */ = {isa = PBXFileReference; fileEncoding = 4; lastKnownFileType = sourcecode.swift; path = FirestoreService.swift; sourceTree = "<group>"; };
		753122B625FFFA46004E59E5 /* AuthenticationError.swift */ = {isa = PBXFileReference; fileEncoding = 4; lastKnownFileType = sourcecode.swift; path = AuthenticationError.swift; sourceTree = "<group>"; };
		753122B725FFFA46004E59E5 /* FirebaseAuthenticationService.swift */ = {isa = PBXFileReference; fileEncoding = 4; lastKnownFileType = sourcecode.swift; path = FirebaseAuthenticationService.swift; sourceTree = "<group>"; };
		753122BA25FFFA48004E59E5 /* PersistantStoreService.swift */ = {isa = PBXFileReference; fileEncoding = 4; lastKnownFileType = sourcecode.swift; path = PersistantStoreService.swift; sourceTree = "<group>"; };
		753122BB25FFFA48004E59E5 /* PersistantStoreService+User.swift */ = {isa = PBXFileReference; fileEncoding = 4; lastKnownFileType = sourcecode.swift; path = "PersistantStoreService+User.swift"; sourceTree = "<group>"; };
		753122BC25FFFA48004E59E5 /* PersistantStoreService+LaunchesCounting.swift */ = {isa = PBXFileReference; fileEncoding = 4; lastKnownFileType = sourcecode.swift; path = "PersistantStoreService+LaunchesCounting.swift"; sourceTree = "<group>"; };
		753122D025FFFAA9004E59E5 /* Property.swift */ = {isa = PBXFileReference; fileEncoding = 4; lastKnownFileType = sourcecode.swift; path = Property.swift; sourceTree = "<group>"; };
		753122D125FFFAA9004E59E5 /* Signal.swift */ = {isa = PBXFileReference; fileEncoding = 4; lastKnownFileType = sourcecode.swift; path = Signal.swift; sourceTree = "<group>"; };
		753122D225FFFAA9004E59E5 /* Listener.swift */ = {isa = PBXFileReference; fileEncoding = 4; lastKnownFileType = sourcecode.swift; path = Listener.swift; sourceTree = "<group>"; };
		754DAAF0261B815700F96D0A /* BaseViewModel.swift */ = {isa = PBXFileReference; lastKnownFileType = sourcecode.swift; path = BaseViewModel.swift; sourceTree = "<group>"; };
		754DAAF3261B819900F96D0A /* BaseViewController.swift */ = {isa = PBXFileReference; lastKnownFileType = sourcecode.swift; path = BaseViewController.swift; sourceTree = "<group>"; };
		754DAAFF261B83EC00F96D0A /* UIView+Extension.swift */ = {isa = PBXFileReference; lastKnownFileType = sourcecode.swift; path = "UIView+Extension.swift"; sourceTree = "<group>"; };
		754DAB03261B849900F96D0A /* AuthenticationViewModel.swift */ = {isa = PBXFileReference; lastKnownFileType = sourcecode.swift; path = AuthenticationViewModel.swift; sourceTree = "<group>"; };
		754DAB09261B86BA00F96D0A /* PersistantStorage.swift */ = {isa = PBXFileReference; lastKnownFileType = sourcecode.swift; path = PersistantStorage.swift; sourceTree = "<group>"; };
		7564E98625E8090B003F4933 /* Messager.app */ = {isa = PBXFileReference; explicitFileType = wrapper.application; includeInIndex = 0; path = Messager.app; sourceTree = BUILT_PRODUCTS_DIR; };
		7564E98925E8090B003F4933 /* AppDelegate.swift */ = {isa = PBXFileReference; lastKnownFileType = sourcecode.swift; path = AppDelegate.swift; sourceTree = "<group>"; };
		7564E98B25E8090B003F4933 /* SceneDelegate.swift */ = {isa = PBXFileReference; lastKnownFileType = sourcecode.swift; path = SceneDelegate.swift; sourceTree = "<group>"; };
		7564E98D25E8090B003F4933 /* ViewController.swift */ = {isa = PBXFileReference; lastKnownFileType = sourcecode.swift; path = ViewController.swift; sourceTree = "<group>"; };
		7564E99025E8090B003F4933 /* Base */ = {isa = PBXFileReference; lastKnownFileType = file.storyboard; name = Base; path = Base.lproj/Main.storyboard; sourceTree = "<group>"; };
		7564E99225E8090F003F4933 /* Assets.xcassets */ = {isa = PBXFileReference; lastKnownFileType = folder.assetcatalog; path = Assets.xcassets; sourceTree = "<group>"; };
		7564E99525E8090F003F4933 /* Base */ = {isa = PBXFileReference; lastKnownFileType = file.storyboard; name = Base; path = Base.lproj/LaunchScreen.storyboard; sourceTree = "<group>"; };
		7564E99725E8090F003F4933 /* Info.plist */ = {isa = PBXFileReference; lastKnownFileType = text.plist.xml; path = Info.plist; sourceTree = "<group>"; };
		7564E99E25E80BC0003F4933 /* GoogleService-Info.plist */ = {isa = PBXFileReference; fileEncoding = 4; lastKnownFileType = text.plist.xml; path = "GoogleService-Info.plist"; sourceTree = "<group>"; };
		7566B996262C698D008729F3 /* WelcomeScreenViewController.swift */ = {isa = PBXFileReference; lastKnownFileType = sourcecode.swift; path = WelcomeScreenViewController.swift; sourceTree = "<group>"; };
		7566B999262C6997008729F3 /* WelcomeScreenViewModel.swift */ = {isa = PBXFileReference; lastKnownFileType = sourcecode.swift; path = WelcomeScreenViewModel.swift; sourceTree = "<group>"; };
		7566B99C262C699C008729F3 /* WelcomeScreenRouter.swift */ = {isa = PBXFileReference; lastKnownFileType = sourcecode.swift; path = WelcomeScreenRouter.swift; sourceTree = "<group>"; };
		7566B99F262C6A75008729F3 /* WelcomeScreenViewController.storyboard */ = {isa = PBXFileReference; lastKnownFileType = file.storyboard; path = WelcomeScreenViewController.storyboard; sourceTree = "<group>"; };
		756CEFAC25EE95FB00B5EA93 /* TabBarController.swift */ = {isa = PBXFileReference; lastKnownFileType = sourcecode.swift; path = TabBarController.swift; sourceTree = "<group>"; };
		756CEFAF25EE963E00B5EA93 /* TabBarRouter.swift */ = {isa = PBXFileReference; lastKnownFileType = sourcecode.swift; path = TabBarRouter.swift; sourceTree = "<group>"; };
		756CEFB325EE96B800B5EA93 /* ProfileRouter.swift */ = {isa = PBXFileReference; lastKnownFileType = sourcecode.swift; path = ProfileRouter.swift; sourceTree = "<group>"; };
		756CEFB725EE972E00B5EA93 /* ContactsRouter.swift */ = {isa = PBXFileReference; lastKnownFileType = sourcecode.swift; path = ContactsRouter.swift; sourceTree = "<group>"; };
		756CEFBA25EE983100B5EA93 /* ProfileView.swift */ = {isa = PBXFileReference; lastKnownFileType = sourcecode.swift; path = ProfileView.swift; sourceTree = "<group>"; };
		75803E8B26307D400022B1F2 /* ChatRoomModel.swift */ = {isa = PBXFileReference; lastKnownFileType = sourcecode.swift; path = ChatRoomModel.swift; sourceTree = "<group>"; };
		75803E8F26307D870022B1F2 /* MessageModel.swift */ = {isa = PBXFileReference; lastKnownFileType = sourcecode.swift; path = MessageModel.swift; sourceTree = "<group>"; };
		75803E9326307EA30022B1F2 /* UserLocationService.swift */ = {isa = PBXFileReference; lastKnownFileType = sourcecode.swift; path = UserLocationService.swift; sourceTree = "<group>"; };
		75803E9726307EC80022B1F2 /* LocationCoordinates.swift */ = {isa = PBXFileReference; lastKnownFileType = sourcecode.swift; path = LocationCoordinates.swift; sourceTree = "<group>"; };
		75803E9B263081120022B1F2 /* ChatRoomsCell.swift */ = {isa = PBXFileReference; lastKnownFileType = sourcecode.swift; path = ChatRoomsCell.swift; sourceTree = "<group>"; };
		75803EA126308A260022B1F2 /* ChatRoomRouter.swift */ = {isa = PBXFileReference; lastKnownFileType = sourcecode.swift; path = ChatRoomRouter.swift; sourceTree = "<group>"; };
		75803EA526308A440022B1F2 /* ChatRoomViewModel.swift */ = {isa = PBXFileReference; lastKnownFileType = sourcecode.swift; path = ChatRoomViewModel.swift; sourceTree = "<group>"; };
		75803EA826308A740022B1F2 /* ChatRoomViewController.swift */ = {isa = PBXFileReference; lastKnownFileType = sourcecode.swift; path = ChatRoomViewController.swift; sourceTree = "<group>"; };
		759BF184262734CB003D8FAE /* CreateProfileViewController.swift */ = {isa = PBXFileReference; lastKnownFileType = sourcecode.swift; path = CreateProfileViewController.swift; sourceTree = "<group>"; };
		759BF188262734E1003D8FAE /* CreateProfileViewModel.swift */ = {isa = PBXFileReference; lastKnownFileType = sourcecode.swift; path = CreateProfileViewModel.swift; sourceTree = "<group>"; };
		759BF18B262734E6003D8FAE /* CreateProfileRouter.swift */ = {isa = PBXFileReference; lastKnownFileType = sourcecode.swift; path = CreateProfileRouter.swift; sourceTree = "<group>"; };
		759BF18E262734F1003D8FAE /* CreateProfileViewController.storyboard */ = {isa = PBXFileReference; lastKnownFileType = file.storyboard; path = CreateProfileViewController.storyboard; sourceTree = "<group>"; };
		759BF192262834DB003D8FAE /* ChatRoomsListViewController.swift */ = {isa = PBXFileReference; lastKnownFileType = sourcecode.swift; path = ChatRoomsListViewController.swift; sourceTree = "<group>"; };
		759BF1952628355F003D8FAE /* ChatRoomsListViewModel.swift */ = {isa = PBXFileReference; lastKnownFileType = sourcecode.swift; path = ChatRoomsListViewModel.swift; sourceTree = "<group>"; };
		759BF19826283565003D8FAE /* ChatRoomsListRouter.swift */ = {isa = PBXFileReference; lastKnownFileType = sourcecode.swift; path = ChatRoomsListRouter.swift; sourceTree = "<group>"; };
		759BF19B262835AD003D8FAE /* ChatRoomsListViewController.storyboard */ = {isa = PBXFileReference; lastKnownFileType = file.storyboard; path = ChatRoomsListViewController.storyboard; sourceTree = "<group>"; };
		759BF1B926286A58003D8FAE /* Codable+Extensions.swift */ = {isa = PBXFileReference; lastKnownFileType = sourcecode.swift; path = "Codable+Extensions.swift"; sourceTree = "<group>"; };
		759BF1BD2629DCA5003D8FAE /* UserProfileModel.swift */ = {isa = PBXFileReference; lastKnownFileType = sourcecode.swift; path = UserProfileModel.swift; sourceTree = "<group>"; };
		759BF1C4262C46A4003D8FAE /* AttributedTextBlock.swift */ = {isa = PBXFileReference; fileEncoding = 4; lastKnownFileType = sourcecode.swift; path = AttributedTextBlock.swift; sourceTree = "<group>"; };
		759BF1C5262C46A4003D8FAE /* TextViewController.swift */ = {isa = PBXFileReference; fileEncoding = 4; lastKnownFileType = sourcecode.swift; path = TextViewController.swift; sourceTree = "<group>"; };
		759BF1C7262C46A4003D8FAE /* Array+Extensions.swift */ = {isa = PBXFileReference; fileEncoding = 4; lastKnownFileType = sourcecode.swift; path = "Array+Extensions.swift"; sourceTree = "<group>"; };
		759BF1C8262C46A4003D8FAE /* UISegmentedControl+Extensions.swift */ = {isa = PBXFileReference; fileEncoding = 4; lastKnownFileType = sourcecode.swift; path = "UISegmentedControl+Extensions.swift"; sourceTree = "<group>"; };
		759BF1C9262C46A4003D8FAE /* UIImageView+Extensions.swift */ = {isa = PBXFileReference; fileEncoding = 4; lastKnownFileType = sourcecode.swift; path = "UIImageView+Extensions.swift"; sourceTree = "<group>"; };
		759BF1CA262C46A4003D8FAE /* UIViewController+Extensions.swift */ = {isa = PBXFileReference; fileEncoding = 4; lastKnownFileType = sourcecode.swift; path = "UIViewController+Extensions.swift"; sourceTree = "<group>"; };
		759BF1CB262C46A4003D8FAE /* UIView+Extensions.swift */ = {isa = PBXFileReference; fileEncoding = 4; lastKnownFileType = sourcecode.swift; path = "UIView+Extensions.swift"; sourceTree = "<group>"; };
		759BF1CC262C46A4003D8FAE /* Date+Extension.swift */ = {isa = PBXFileReference; fileEncoding = 4; lastKnownFileType = sourcecode.swift; path = "Date+Extension.swift"; sourceTree = "<group>"; };
		759BF1CD262C46A4003D8FAE /* String+Extensions.swift */ = {isa = PBXFileReference; fileEncoding = 4; lastKnownFileType = sourcecode.swift; path = "String+Extensions.swift"; sourceTree = "<group>"; };
		759BF1CE262C46A4003D8FAE /* UITextView+Extensions.swift */ = {isa = PBXFileReference; fileEncoding = 4; lastKnownFileType = sourcecode.swift; path = "UITextView+Extensions.swift"; sourceTree = "<group>"; };
		759BF1CF262C46A4003D8FAE /* UIColor+Extensions.swift */ = {isa = PBXFileReference; fileEncoding = 4; lastKnownFileType = sourcecode.swift; path = "UIColor+Extensions.swift"; sourceTree = "<group>"; };
		759BF1D0262C46A4003D8FAE /* UIImage+Extensions.swift */ = {isa = PBXFileReference; fileEncoding = 4; lastKnownFileType = sourcecode.swift; path = "UIImage+Extensions.swift"; sourceTree = "<group>"; };
		759BF1D1262C46A4003D8FAE /* UISearchBar+Extensions.swift */ = {isa = PBXFileReference; fileEncoding = 4; lastKnownFileType = sourcecode.swift; path = "UISearchBar+Extensions.swift"; sourceTree = "<group>"; };
		759BF1D2262C46A4003D8FAE /* UIApplication+Extensions.swift */ = {isa = PBXFileReference; fileEncoding = 4; lastKnownFileType = sourcecode.swift; path = "UIApplication+Extensions.swift"; sourceTree = "<group>"; };
		759BF1D3262C46A4003D8FAE /* UIAlertController+Extensions.swift */ = {isa = PBXFileReference; fileEncoding = 4; lastKnownFileType = sourcecode.swift; path = "UIAlertController+Extensions.swift"; sourceTree = "<group>"; };
		759BF1D4262C46A4003D8FAE /* Optional+Extensions.swift */ = {isa = PBXFileReference; fileEncoding = 4; lastKnownFileType = sourcecode.swift; path = "Optional+Extensions.swift"; sourceTree = "<group>"; };
		759BF1D5262C46A4003D8FAE /* Common+Extensions.swift */ = {isa = PBXFileReference; fileEncoding = 4; lastKnownFileType = sourcecode.swift; path = "Common+Extensions.swift"; sourceTree = "<group>"; };
		759BF1D6262C46A4003D8FAE /* Locale+Extensions.swift */ = {isa = PBXFileReference; fileEncoding = 4; lastKnownFileType = sourcecode.swift; path = "Locale+Extensions.swift"; sourceTree = "<group>"; };
		759BF1D7262C46A4003D8FAE /* UITextField+Extensions.swift */ = {isa = PBXFileReference; fileEncoding = 4; lastKnownFileType = sourcecode.swift; path = "UITextField+Extensions.swift"; sourceTree = "<group>"; };
		759BF1DA262C46A5003D8FAE /* Countries.bundle */ = {isa = PBXFileReference; lastKnownFileType = "wrapper.plug-in"; path = Countries.bundle; sourceTree = "<group>"; };
		759BF1DC262C46A5003D8FAE /* LocaleStore.swift */ = {isa = PBXFileReference; fileEncoding = 4; lastKnownFileType = sourcecode.swift; path = LocaleStore.swift; sourceTree = "<group>"; };
		759BF1DE262C46A5003D8FAE /* LocaleInfo.swift */ = {isa = PBXFileReference; fileEncoding = 4; lastKnownFileType = sourcecode.swift; path = LocaleInfo.swift; sourceTree = "<group>"; };
		759BF1DF262C46A5003D8FAE /* LocalePickerViewController.swift */ = {isa = PBXFileReference; fileEncoding = 4; lastKnownFileType = sourcecode.swift; path = LocalePickerViewController.swift; sourceTree = "<group>"; };
		759BF1E1262C46A5003D8FAE /* PhoneCodeCell.swift */ = {isa = PBXFileReference; fileEncoding = 4; lastKnownFileType = sourcecode.swift; path = PhoneCodeCell.swift; sourceTree = "<group>"; };
		759BF1E2262C46A5003D8FAE /* CurrencyCell.swift */ = {isa = PBXFileReference; fileEncoding = 4; lastKnownFileType = sourcecode.swift; path = CurrencyCell.swift; sourceTree = "<group>"; };
		759BF1E3262C46A6003D8FAE /* CountryCell.swift */ = {isa = PBXFileReference; fileEncoding = 4; lastKnownFileType = sourcecode.swift; path = CountryCell.swift; sourceTree = "<group>"; };
		759BF1E5262C46A6003D8FAE /* TwoTextFieldsViewController.swift */ = {isa = PBXFileReference; fileEncoding = 4; lastKnownFileType = sourcecode.swift; path = TwoTextFieldsViewController.swift; sourceTree = "<group>"; };
		759BF1E6262C46A6003D8FAE /* OneTextFieldViewController.swift */ = {isa = PBXFileReference; fileEncoding = 4; lastKnownFileType = sourcecode.swift; path = OneTextFieldViewController.swift; sourceTree = "<group>"; };
		759BF1E9262C46A6003D8FAE /* Assets.swift */ = {isa = PBXFileReference; fileEncoding = 4; lastKnownFileType = sourcecode.swift; path = Assets.swift; sourceTree = "<group>"; };
		759BF1EA262C46A6003D8FAE /* PhotoLibraryPickerViewController.swift */ = {isa = PBXFileReference; fileEncoding = 4; lastKnownFileType = sourcecode.swift; path = PhotoLibraryPickerViewController.swift; sourceTree = "<group>"; };
		759BF1EC262C46A6003D8FAE /* LocationSearchResultsViewController.swift */ = {isa = PBXFileReference; fileEncoding = 4; lastKnownFileType = sourcecode.swift; path = LocationSearchResultsViewController.swift; sourceTree = "<group>"; };
		759BF1ED262C46A6003D8FAE /* LocationPickerViewController.swift */ = {isa = PBXFileReference; fileEncoding = 4; lastKnownFileType = sourcecode.swift; path = LocationPickerViewController.swift; sourceTree = "<group>"; };
		759BF1EF262C46A6003D8FAE /* SearchHistoryManager.swift */ = {isa = PBXFileReference; fileEncoding = 4; lastKnownFileType = sourcecode.swift; path = SearchHistoryManager.swift; sourceTree = "<group>"; };
		759BF1F1262C46A6003D8FAE /* Location.swift */ = {isa = PBXFileReference; fileEncoding = 4; lastKnownFileType = sourcecode.swift; path = Location.swift; sourceTree = "<group>"; };
		759BF1F2262C46A6003D8FAE /* Address.swift */ = {isa = PBXFileReference; fileEncoding = 4; lastKnownFileType = sourcecode.swift; path = Address.swift; sourceTree = "<group>"; };
		759BF1F4262C46A6003D8FAE /* PickerViewViewController.swift */ = {isa = PBXFileReference; fileEncoding = 4; lastKnownFileType = sourcecode.swift; path = PickerViewViewController.swift; sourceTree = "<group>"; };
		759BF1F6262C46A6003D8FAE /* ContactsPickerViewController.swift */ = {isa = PBXFileReference; fileEncoding = 4; lastKnownFileType = sourcecode.swift; path = ContactsPickerViewController.swift; sourceTree = "<group>"; };
		759BF1F8262C46A6003D8FAE /* Contacts.swift */ = {isa = PBXFileReference; fileEncoding = 4; lastKnownFileType = sourcecode.swift; path = Contacts.swift; sourceTree = "<group>"; };
		759BF1FA262C46A6003D8FAE /* Contact.swift */ = {isa = PBXFileReference; fileEncoding = 4; lastKnownFileType = sourcecode.swift; path = Contact.swift; sourceTree = "<group>"; };
		759BF1FC262C46A6003D8FAE /* ContactCell.swift */ = {isa = PBXFileReference; fileEncoding = 4; lastKnownFileType = sourcecode.swift; path = ContactCell.swift; sourceTree = "<group>"; };
		759BF1FE262C46A6003D8FAE /* ColorPickerViewController.swift */ = {isa = PBXFileReference; fileEncoding = 4; lastKnownFileType = sourcecode.swift; path = ColorPickerViewController.swift; sourceTree = "<group>"; };
		759BF200262C46A6003D8FAE /* DatePickerViewController.swift */ = {isa = PBXFileReference; fileEncoding = 4; lastKnownFileType = sourcecode.swift; path = DatePickerViewController.swift; sourceTree = "<group>"; };
		759BF202262C46A6003D8FAE /* ImagePickerViewController.swift */ = {isa = PBXFileReference; fileEncoding = 4; lastKnownFileType = sourcecode.swift; path = ImagePickerViewController.swift; sourceTree = "<group>"; };
		759BF204262C46A6003D8FAE /* ItemWithImage.swift */ = {isa = PBXFileReference; fileEncoding = 4; lastKnownFileType = sourcecode.swift; path = ItemWithImage.swift; sourceTree = "<group>"; };
		759BF207262C46A6003D8FAE /* PhotoLayout.swift */ = {isa = PBXFileReference; fileEncoding = 4; lastKnownFileType = sourcecode.swift; path = PhotoLayout.swift; sourceTree = "<group>"; };
		759BF208262C46A6003D8FAE /* TelegramPickerViewController.swift */ = {isa = PBXFileReference; fileEncoding = 4; lastKnownFileType = sourcecode.swift; path = TelegramPickerViewController.swift; sourceTree = "<group>"; };
		759BF20A262C46A6003D8FAE /* ItemWithPhoto.swift */ = {isa = PBXFileReference; fileEncoding = 4; lastKnownFileType = sourcecode.swift; path = ItemWithPhoto.swift; sourceTree = "<group>"; };
		759BF20B262C46A6003D8FAE /* LikeButtonCell.swift */ = {isa = PBXFileReference; fileEncoding = 4; lastKnownFileType = sourcecode.swift; path = LikeButtonCell.swift; sourceTree = "<group>"; };
		759BF20D262C46A6003D8FAE /* Label.swift */ = {isa = PBXFileReference; fileEncoding = 4; lastKnownFileType = sourcecode.swift; path = Label.swift; sourceTree = "<group>"; };
		759BF20E262C46A6003D8FAE /* SegmentedControl.swift */ = {isa = PBXFileReference; fileEncoding = 4; lastKnownFileType = sourcecode.swift; path = SegmentedControl.swift; sourceTree = "<group>"; };
		759BF20F262C46A6003D8FAE /* GradientSlider.swift */ = {isa = PBXFileReference; fileEncoding = 4; lastKnownFileType = sourcecode.swift; path = GradientSlider.swift; sourceTree = "<group>"; };
		759BF210262C46A6003D8FAE /* AlertableTextField.swift */ = {isa = PBXFileReference; fileEncoding = 4; lastKnownFileType = sourcecode.swift; path = AlertableTextField.swift; sourceTree = "<group>"; };
		759BF211262C46A6003D8FAE /* AlertableButton.swift */ = {isa = PBXFileReference; fileEncoding = 4; lastKnownFileType = sourcecode.swift; path = AlertableButton.swift; sourceTree = "<group>"; };
		759BF24A262C483C003D8FAE /* FirebaseStorageService.swift */ = {isa = PBXFileReference; lastKnownFileType = sourcecode.swift; path = FirebaseStorageService.swift; sourceTree = "<group>"; };
		759E10DA2637494E00188211 /* ChatRoomViewController.storyboard */ = {isa = PBXFileReference; lastKnownFileType = file.storyboard; path = ChatRoomViewController.storyboard; sourceTree = "<group>"; };
		75A931E9263B3FB7004BEC08 /* TabBarViewModel.swift */ = {isa = PBXFileReference; lastKnownFileType = sourcecode.swift; path = TabBarViewModel.swift; sourceTree = "<group>"; };
		75A931EB263B4CD3004BEC08 /* FirestoreService+Chat.swift */ = {isa = PBXFileReference; lastKnownFileType = sourcecode.swift; path = "FirestoreService+Chat.swift"; sourceTree = "<group>"; };
		75A9F5F42624673600A9680F /* PasswordViewController.swift */ = {isa = PBXFileReference; lastKnownFileType = sourcecode.swift; path = PasswordViewController.swift; sourceTree = "<group>"; };
		75A9F5F72624678600A9680F /* PasswordViewModel.swift */ = {isa = PBXFileReference; lastKnownFileType = sourcecode.swift; path = PasswordViewModel.swift; sourceTree = "<group>"; };
		75A9F5FA2624679600A9680F /* PasswordViewController.storyboard */ = {isa = PBXFileReference; lastKnownFileType = file.storyboard; path = PasswordViewController.storyboard; sourceTree = "<group>"; };
		75A9F5FD262467A000A9680F /* PasswordRouter.swift */ = {isa = PBXFileReference; lastKnownFileType = sourcecode.swift; path = PasswordRouter.swift; sourceTree = "<group>"; };
		75A9F601262467AF00A9680F /* AuthenticationRouter.swift */ = {isa = PBXFileReference; lastKnownFileType = sourcecode.swift; path = AuthenticationRouter.swift; sourceTree = "<group>"; };
		75E0B3CF25EEB6D50028F50B /* ProfileViewModel.swift */ = {isa = PBXFileReference; lastKnownFileType = sourcecode.swift; path = ProfileViewModel.swift; sourceTree = "<group>"; };
		75E82E4525F675EA0058293D /* BaseRouter.swift */ = {isa = PBXFileReference; lastKnownFileType = sourcecode.swift; path = BaseRouter.swift; sourceTree = "<group>"; };
		75E82E4925F679710058293D /* UINavigationController+Completion.swift */ = {isa = PBXFileReference; lastKnownFileType = sourcecode.swift; path = "UINavigationController+Completion.swift"; sourceTree = "<group>"; };
		75E82E4D25F67A1D0058293D /* TabBarController.storyboard */ = {isa = PBXFileReference; lastKnownFileType = file.storyboard; path = TabBarController.storyboard; sourceTree = "<group>"; };
		75E82E5025F67A7E0058293D /* UIStoryboard+Extensions.swift */ = {isa = PBXFileReference; lastKnownFileType = sourcecode.swift; path = "UIStoryboard+Extensions.swift"; sourceTree = "<group>"; };
		75E82E5425F67AA50058293D /* NameDescribable.swift */ = {isa = PBXFileReference; lastKnownFileType = sourcecode.swift; path = NameDescribable.swift; sourceTree = "<group>"; };
		75E82E5A25F67DE20058293D /* ContactModel.swift */ = {isa = PBXFileReference; lastKnownFileType = sourcecode.swift; path = ContactModel.swift; sourceTree = "<group>"; };
		75E82E5E25F67E160058293D /* ContactsService.swift */ = {isa = PBXFileReference; lastKnownFileType = sourcecode.swift; path = ContactsService.swift; sourceTree = "<group>"; };
		75E82E6225F684000058293D /* String+LocalExtensions.swift */ = {isa = PBXFileReference; lastKnownFileType = sourcecode.swift; path = "String+LocalExtensions.swift"; sourceTree = "<group>"; };
		75E82E6525F684700058293D /* ContactsViewModel.swift */ = {isa = PBXFileReference; lastKnownFileType = sourcecode.swift; path = ContactsViewModel.swift; sourceTree = "<group>"; };
		75E82E6825F6875A0058293D /* ContactsView.swift */ = {isa = PBXFileReference; lastKnownFileType = sourcecode.swift; path = ContactsView.swift; sourceTree = "<group>"; };
		75FC9612264468F0009547BA /* DateFormattingManager.swift */ = {isa = PBXFileReference; lastKnownFileType = sourcecode.swift; path = DateFormattingManager.swift; sourceTree = "<group>"; };
/* End PBXFileReference section */

/* Begin PBXFrameworksBuildPhase section */
		7564E98325E8090B003F4933 /* Frameworks */ = {
			isa = PBXFrameworksBuildPhase;
			buildActionMask = 2147483647;
			files = (
				DA2B59C9D2308CAA47C5B07B /* Pods_Messager.framework in Frameworks */,
			);
			runOnlyForDeploymentPostprocessing = 0;
		};
/* End PBXFrameworksBuildPhase section */

/* Begin PBXGroup section */
		751EEB3625FA9A600077E8A5 /* Common */ = {
			isa = PBXGroup;
			children = (
				759BF1C1262C468C003D8FAE /* Alerts And Pickers */,
				754DAAEF261B811300F96D0A /* BaseComponents */,
				751EEB3725FA9A740077E8A5 /* SearchBar.swift */,
			);
			path = Common;
			sourceTree = "<group>";
		};
		7531224D25FFF4FF004E59E5 /* Authentication */ = {
			isa = PBXGroup;
			children = (
				75A9F5F1262466C200A9680F /* Email */,
				75A9F5F2262466D200A9680F /* Password */,
				759BF1832627349C003D8FAE /* CreateProfile */,
				7566B995262C6935008729F3 /* WelcomeScreen */,
			);
			path = Authentication;
			sourceTree = "<group>";
		};
		753122A625FFF965004E59E5 /* Managers */ = {
			isa = PBXGroup;
			children = (
				75FC9611264468E2009547BA /* DateFormattingManager */,
				753122A725FFF965004E59E5 /* CurrentUserManager */,
			);
			path = Managers;
			sourceTree = "<group>";
		};
		753122A725FFF965004E59E5 /* CurrentUserManager */ = {
			isa = PBXGroup;
			children = (
				753122A925FFF965004E59E5 /* CurrentUserManager.swift */,
				753122A825FFF965004E59E5 /* UserObject.swift */,
			);
			path = CurrentUserManager;
			sourceTree = "<group>";
		};
		753122AF25FFFA45004E59E5 /* FirestoreService */ = {
			isa = PBXGroup;
			children = (
				75A931E8263B3DAE004BEC08 /* Models */,
				753122B025FFFA45004E59E5 /* FirestoreError.swift */,
				753122B225FFFA45004E59E5 /* FirestoreService.swift */,
				753122B125FFFA45004E59E5 /* FirestoreService+User.swift */,
				75A931EB263B4CD3004BEC08 /* FirestoreService+Chat.swift */,
			);
			path = FirestoreService;
			sourceTree = "<group>";
		};
		753122B525FFFA46004E59E5 /* FirebaseAuthenticationService */ = {
			isa = PBXGroup;
			children = (
				753122B625FFFA46004E59E5 /* AuthenticationError.swift */,
				753122B725FFFA46004E59E5 /* FirebaseAuthenticationService.swift */,
			);
			path = FirebaseAuthenticationService;
			sourceTree = "<group>";
		};
		753122B925FFFA48004E59E5 /* PersistantStoreService */ = {
			isa = PBXGroup;
			children = (
				753122BA25FFFA48004E59E5 /* PersistantStoreService.swift */,
				753122BB25FFFA48004E59E5 /* PersistantStoreService+User.swift */,
				753122BC25FFFA48004E59E5 /* PersistantStoreService+LaunchesCounting.swift */,
			);
			path = PersistantStoreService;
			sourceTree = "<group>";
		};
		753122CF25FFFAA9004E59E5 /* Bindings */ = {
			isa = PBXGroup;
			children = (
				753122D025FFFAA9004E59E5 /* Property.swift */,
				753122D125FFFAA9004E59E5 /* Signal.swift */,
				753122D225FFFAA9004E59E5 /* Listener.swift */,
			);
			path = Bindings;
			sourceTree = "<group>";
		};
		754DAAEF261B811300F96D0A /* BaseComponents */ = {
			isa = PBXGroup;
			children = (
				75E82E4525F675EA0058293D /* BaseRouter.swift */,
				754DAAF0261B815700F96D0A /* BaseViewModel.swift */,
				754DAAF3261B819900F96D0A /* BaseViewController.swift */,
			);
			path = BaseComponents;
			sourceTree = "<group>";
		};
		754DAAF6261B822400F96D0A /* TabBar */ = {
			isa = PBXGroup;
			children = (
				756CEFAF25EE963E00B5EA93 /* TabBarRouter.swift */,
				75A931E9263B3FB7004BEC08 /* TabBarViewModel.swift */,
				756CEFAC25EE95FB00B5EA93 /* TabBarController.swift */,
				75E82E4D25F67A1D0058293D /* TabBarController.storyboard */,
			);
			path = TabBar;
			sourceTree = "<group>";
		};
		754DAB08261B86AD00F96D0A /* PersistantStorage */ = {
			isa = PBXGroup;
			children = (
				754DAB09261B86BA00F96D0A /* PersistantStorage.swift */,
			);
			path = PersistantStorage;
			sourceTree = "<group>";
		};
		7564E97D25E8090B003F4933 = {
			isa = PBXGroup;
			children = (
				7564E98825E8090B003F4933 /* Messager */,
				7564E98725E8090B003F4933 /* Products */,
				B0A51E3C6053894A6C7BFC19 /* Pods */,
				ED473402D20F023ECBF43306 /* Frameworks */,
			);
			sourceTree = "<group>";
		};
		7564E98725E8090B003F4933 /* Products */ = {
			isa = PBXGroup;
			children = (
				7564E98625E8090B003F4933 /* Messager.app */,
			);
			name = Products;
			sourceTree = "<group>";
		};
		7564E98825E8090B003F4933 /* Messager */ = {
			isa = PBXGroup;
			children = (
				7564E98D25E8090B003F4933 /* ViewController.swift */,
				7564E98F25E8090B003F4933 /* Main.storyboard */,
				75E82E5325F67A990058293D /* Utilities */,
				754DAB08261B86AD00F96D0A /* PersistantStorage */,
				75E82E5D25F67E090058293D /* Services */,
				753122A625FFF965004E59E5 /* Managers */,
				7564E9B725E8136A003F4933 /* Modules */,
				7564E99225E8090F003F4933 /* Assets.xcassets */,
				7564E99425E8090F003F4933 /* LaunchScreen.storyboard */,
				7564E99E25E80BC0003F4933 /* GoogleService-Info.plist */,
				7564E99725E8090F003F4933 /* Info.plist */,
			);
			path = Messager;
			sourceTree = "<group>";
		};
		7564E9B725E8136A003F4933 /* Modules */ = {
			isa = PBXGroup;
			children = (
				7564E98925E8090B003F4933 /* AppDelegate.swift */,
				7564E98B25E8090B003F4933 /* SceneDelegate.swift */,
				751EEB3625FA9A600077E8A5 /* Common */,
				75E82E4825F6796A0058293D /* Extensions */,
				7531224D25FFF4FF004E59E5 /* Authentication */,
				754DAAF6261B822400F96D0A /* TabBar */,
				756CEFB225EE966800B5EA93 /* Profile */,
				756CEFB625EE972000B5EA93 /* Contacts */,
				759BF191262834B6003D8FAE /* ChatRoomsList */,
				75803EA026308A140022B1F2 /* ChatRoom */,
			);
			path = Modules;
			sourceTree = "<group>";
		};
		7566B995262C6935008729F3 /* WelcomeScreen */ = {
			isa = PBXGroup;
			children = (
				7566B99C262C699C008729F3 /* WelcomeScreenRouter.swift */,
				7566B999262C6997008729F3 /* WelcomeScreenViewModel.swift */,
				7566B996262C698D008729F3 /* WelcomeScreenViewController.swift */,
				7566B99F262C6A75008729F3 /* WelcomeScreenViewController.storyboard */,
			);
			path = WelcomeScreen;
			sourceTree = "<group>";
		};
		756CEFB225EE966800B5EA93 /* Profile */ = {
			isa = PBXGroup;
			children = (
				756CEFB325EE96B800B5EA93 /* ProfileRouter.swift */,
				756CEFBA25EE983100B5EA93 /* ProfileView.swift */,
				75E0B3CF25EEB6D50028F50B /* ProfileViewModel.swift */,
			);
			path = Profile;
			sourceTree = "<group>";
		};
		756CEFB625EE972000B5EA93 /* Contacts */ = {
			isa = PBXGroup;
			children = (
				75E82E5925F67DD10058293D /* Models */,
				756CEFB725EE972E00B5EA93 /* ContactsRouter.swift */,
				75E82E6525F684700058293D /* ContactsViewModel.swift */,
				75E82E6825F6875A0058293D /* ContactsView.swift */,
			);
			path = Contacts;
			sourceTree = "<group>";
		};
		75803E9226307E9E0022B1F2 /* UserLocationService */ = {
			isa = PBXGroup;
			children = (
				75803E9326307EA30022B1F2 /* UserLocationService.swift */,
				75803E9726307EC80022B1F2 /* LocationCoordinates.swift */,
			);
			path = UserLocationService;
			sourceTree = "<group>";
		};
		75803E9A263081050022B1F2 /* Cells */ = {
			isa = PBXGroup;
			children = (
				75803E9B263081120022B1F2 /* ChatRoomsCell.swift */,
			);
			path = Cells;
			sourceTree = "<group>";
		};
		75803EA026308A140022B1F2 /* ChatRoom */ = {
			isa = PBXGroup;
			children = (
				75803EA126308A260022B1F2 /* ChatRoomRouter.swift */,
				75803EA526308A440022B1F2 /* ChatRoomViewModel.swift */,
				75803EA826308A740022B1F2 /* ChatRoomViewController.swift */,
				759E10DA2637494E00188211 /* ChatRoomViewController.storyboard */,
			);
			path = ChatRoom;
			sourceTree = "<group>";
		};
		759BF1832627349C003D8FAE /* CreateProfile */ = {
			isa = PBXGroup;
			children = (
				759BF1BC2629DC9B003D8FAE /* Models */,
				759BF18B262734E6003D8FAE /* CreateProfileRouter.swift */,
				759BF188262734E1003D8FAE /* CreateProfileViewModel.swift */,
				759BF184262734CB003D8FAE /* CreateProfileViewController.swift */,
				759BF18E262734F1003D8FAE /* CreateProfileViewController.storyboard */,
			);
			path = CreateProfile;
			sourceTree = "<group>";
		};
		759BF191262834B6003D8FAE /* ChatRoomsList */ = {
			isa = PBXGroup;
			children = (
				75803E9A263081050022B1F2 /* Cells */,
				759BF19826283565003D8FAE /* ChatRoomsListRouter.swift */,
				759BF1952628355F003D8FAE /* ChatRoomsListViewModel.swift */,
				759BF192262834DB003D8FAE /* ChatRoomsListViewController.swift */,
				759BF19B262835AD003D8FAE /* ChatRoomsListViewController.storyboard */,
			);
			path = ChatRoomsList;
			sourceTree = "<group>";
		};
		759BF1BC2629DC9B003D8FAE /* Models */ = {
			isa = PBXGroup;
			children = (
				759BF1BD2629DCA5003D8FAE /* UserProfileModel.swift */,
			);
			path = Models;
			sourceTree = "<group>";
		};
		759BF1C1262C468C003D8FAE /* Alerts And Pickers */ = {
			isa = PBXGroup;
			children = (
				759BF1C6262C46A4003D8FAE /* Extensions */,
				759BF1D8262C46A5003D8FAE /* Pickers */,
				759BF1C2262C46A4003D8FAE /* Viewers */,
				759BF20C262C46A6003D8FAE /* Views */,
			);
			path = "Alerts And Pickers";
			sourceTree = "<group>";
		};
		759BF1C2262C46A4003D8FAE /* Viewers */ = {
			isa = PBXGroup;
			children = (
				759BF1C3262C46A4003D8FAE /* Models */,
				759BF1C5262C46A4003D8FAE /* TextViewController.swift */,
			);
			path = Viewers;
			sourceTree = "<group>";
		};
		759BF1C3262C46A4003D8FAE /* Models */ = {
			isa = PBXGroup;
			children = (
				759BF1C4262C46A4003D8FAE /* AttributedTextBlock.swift */,
			);
			path = Models;
			sourceTree = "<group>";
		};
		759BF1C6262C46A4003D8FAE /* Extensions */ = {
			isa = PBXGroup;
			children = (
				759BF1C7262C46A4003D8FAE /* Array+Extensions.swift */,
				759BF1C8262C46A4003D8FAE /* UISegmentedControl+Extensions.swift */,
				759BF1C9262C46A4003D8FAE /* UIImageView+Extensions.swift */,
				759BF1CA262C46A4003D8FAE /* UIViewController+Extensions.swift */,
				759BF1CB262C46A4003D8FAE /* UIView+Extensions.swift */,
				759BF1CC262C46A4003D8FAE /* Date+Extension.swift */,
				759BF1CD262C46A4003D8FAE /* String+Extensions.swift */,
				759BF1CE262C46A4003D8FAE /* UITextView+Extensions.swift */,
				759BF1CF262C46A4003D8FAE /* UIColor+Extensions.swift */,
				759BF1D0262C46A4003D8FAE /* UIImage+Extensions.swift */,
				759BF1D1262C46A4003D8FAE /* UISearchBar+Extensions.swift */,
				759BF1D2262C46A4003D8FAE /* UIApplication+Extensions.swift */,
				759BF1D3262C46A4003D8FAE /* UIAlertController+Extensions.swift */,
				759BF1D4262C46A4003D8FAE /* Optional+Extensions.swift */,
				759BF1D5262C46A4003D8FAE /* Common+Extensions.swift */,
				759BF1D6262C46A4003D8FAE /* Locale+Extensions.swift */,
				759BF1D7262C46A4003D8FAE /* UITextField+Extensions.swift */,
			);
			path = Extensions;
			sourceTree = "<group>";
		};
		759BF1D8262C46A5003D8FAE /* Pickers */ = {
			isa = PBXGroup;
			children = (
				759BF1D9262C46A5003D8FAE /* Locale */,
				759BF1E4262C46A6003D8FAE /* TextFields */,
				759BF1E7262C46A6003D8FAE /* PhotoLibrary */,
				759BF1EB262C46A6003D8FAE /* Location */,
				759BF1F3262C46A6003D8FAE /* PickerView */,
				759BF1F5262C46A6003D8FAE /* Contacts */,
				759BF1FD262C46A6003D8FAE /* Color */,
				759BF1FF262C46A6003D8FAE /* Date */,
				759BF201262C46A6003D8FAE /* Image */,
				759BF205262C46A6003D8FAE /* Telegram */,
			);
			path = Pickers;
			sourceTree = "<group>";
		};
		759BF1D9262C46A5003D8FAE /* Locale */ = {
			isa = PBXGroup;
			children = (
				759BF1DA262C46A5003D8FAE /* Countries.bundle */,
				759BF1DB262C46A5003D8FAE /* Managers */,
				759BF1DD262C46A5003D8FAE /* Models */,
				759BF1DF262C46A5003D8FAE /* LocalePickerViewController.swift */,
				759BF1E0262C46A5003D8FAE /* Views */,
			);
			path = Locale;
			sourceTree = "<group>";
		};
		759BF1DB262C46A5003D8FAE /* Managers */ = {
			isa = PBXGroup;
			children = (
				759BF1DC262C46A5003D8FAE /* LocaleStore.swift */,
			);
			path = Managers;
			sourceTree = "<group>";
		};
		759BF1DD262C46A5003D8FAE /* Models */ = {
			isa = PBXGroup;
			children = (
				759BF1DE262C46A5003D8FAE /* LocaleInfo.swift */,
			);
			path = Models;
			sourceTree = "<group>";
		};
		759BF1E0262C46A5003D8FAE /* Views */ = {
			isa = PBXGroup;
			children = (
				759BF1E1262C46A5003D8FAE /* PhoneCodeCell.swift */,
				759BF1E2262C46A5003D8FAE /* CurrencyCell.swift */,
				759BF1E3262C46A6003D8FAE /* CountryCell.swift */,
			);
			path = Views;
			sourceTree = "<group>";
		};
		759BF1E4262C46A6003D8FAE /* TextFields */ = {
			isa = PBXGroup;
			children = (
				759BF1E5262C46A6003D8FAE /* TwoTextFieldsViewController.swift */,
				759BF1E6262C46A6003D8FAE /* OneTextFieldViewController.swift */,
			);
			path = TextFields;
			sourceTree = "<group>";
		};
		759BF1E7262C46A6003D8FAE /* PhotoLibrary */ = {
			isa = PBXGroup;
			children = (
				759BF1E8262C46A6003D8FAE /* Managers */,
				759BF1EA262C46A6003D8FAE /* PhotoLibraryPickerViewController.swift */,
			);
			path = PhotoLibrary;
			sourceTree = "<group>";
		};
		759BF1E8262C46A6003D8FAE /* Managers */ = {
			isa = PBXGroup;
			children = (
				759BF1E9262C46A6003D8FAE /* Assets.swift */,
			);
			path = Managers;
			sourceTree = "<group>";
		};
		759BF1EB262C46A6003D8FAE /* Location */ = {
			isa = PBXGroup;
			children = (
				759BF1EC262C46A6003D8FAE /* LocationSearchResultsViewController.swift */,
				759BF1ED262C46A6003D8FAE /* LocationPickerViewController.swift */,
				759BF1EE262C46A6003D8FAE /* Managers */,
				759BF1F0262C46A6003D8FAE /* Models */,
			);
			path = Location;
			sourceTree = "<group>";
		};
		759BF1EE262C46A6003D8FAE /* Managers */ = {
			isa = PBXGroup;
			children = (
				759BF1EF262C46A6003D8FAE /* SearchHistoryManager.swift */,
			);
			path = Managers;
			sourceTree = "<group>";
		};
		759BF1F0262C46A6003D8FAE /* Models */ = {
			isa = PBXGroup;
			children = (
				759BF1F1262C46A6003D8FAE /* Location.swift */,
				759BF1F2262C46A6003D8FAE /* Address.swift */,
			);
			path = Models;
			sourceTree = "<group>";
		};
		759BF1F3262C46A6003D8FAE /* PickerView */ = {
			isa = PBXGroup;
			children = (
				759BF1F4262C46A6003D8FAE /* PickerViewViewController.swift */,
			);
			path = PickerView;
			sourceTree = "<group>";
		};
		759BF1F5262C46A6003D8FAE /* Contacts */ = {
			isa = PBXGroup;
			children = (
				759BF1F6262C46A6003D8FAE /* ContactsPickerViewController.swift */,
				759BF1F7262C46A6003D8FAE /* Managers */,
				759BF1F9262C46A6003D8FAE /* Models */,
				759BF1FB262C46A6003D8FAE /* Views */,
			);
			path = Contacts;
			sourceTree = "<group>";
		};
		759BF1F7262C46A6003D8FAE /* Managers */ = {
			isa = PBXGroup;
			children = (
				759BF1F8262C46A6003D8FAE /* Contacts.swift */,
			);
			path = Managers;
			sourceTree = "<group>";
		};
		759BF1F9262C46A6003D8FAE /* Models */ = {
			isa = PBXGroup;
			children = (
				759BF1FA262C46A6003D8FAE /* Contact.swift */,
			);
			path = Models;
			sourceTree = "<group>";
		};
		759BF1FB262C46A6003D8FAE /* Views */ = {
			isa = PBXGroup;
			children = (
				759BF1FC262C46A6003D8FAE /* ContactCell.swift */,
			);
			path = Views;
			sourceTree = "<group>";
		};
		759BF1FD262C46A6003D8FAE /* Color */ = {
			isa = PBXGroup;
			children = (
				759BF1FE262C46A6003D8FAE /* ColorPickerViewController.swift */,
			);
			path = Color;
			sourceTree = "<group>";
		};
		759BF1FF262C46A6003D8FAE /* Date */ = {
			isa = PBXGroup;
			children = (
				759BF200262C46A6003D8FAE /* DatePickerViewController.swift */,
			);
			path = Date;
			sourceTree = "<group>";
		};
		759BF201262C46A6003D8FAE /* Image */ = {
			isa = PBXGroup;
			children = (
				759BF202262C46A6003D8FAE /* ImagePickerViewController.swift */,
				759BF203262C46A6003D8FAE /* Views */,
			);
			path = Image;
			sourceTree = "<group>";
		};
		759BF203262C46A6003D8FAE /* Views */ = {
			isa = PBXGroup;
			children = (
				759BF204262C46A6003D8FAE /* ItemWithImage.swift */,
			);
			path = Views;
			sourceTree = "<group>";
		};
		759BF205262C46A6003D8FAE /* Telegram */ = {
			isa = PBXGroup;
			children = (
				759BF206262C46A6003D8FAE /* Layouts */,
				759BF208262C46A6003D8FAE /* TelegramPickerViewController.swift */,
				759BF209262C46A6003D8FAE /* Views */,
			);
			path = Telegram;
			sourceTree = "<group>";
		};
		759BF206262C46A6003D8FAE /* Layouts */ = {
			isa = PBXGroup;
			children = (
				759BF207262C46A6003D8FAE /* PhotoLayout.swift */,
			);
			path = Layouts;
			sourceTree = "<group>";
		};
		759BF209262C46A6003D8FAE /* Views */ = {
			isa = PBXGroup;
			children = (
				759BF20A262C46A6003D8FAE /* ItemWithPhoto.swift */,
				759BF20B262C46A6003D8FAE /* LikeButtonCell.swift */,
			);
			path = Views;
			sourceTree = "<group>";
		};
		759BF20C262C46A6003D8FAE /* Views */ = {
			isa = PBXGroup;
			children = (
				759BF20D262C46A6003D8FAE /* Label.swift */,
				759BF20E262C46A6003D8FAE /* SegmentedControl.swift */,
				759BF20F262C46A6003D8FAE /* GradientSlider.swift */,
				759BF210262C46A6003D8FAE /* AlertableTextField.swift */,
				759BF211262C46A6003D8FAE /* AlertableButton.swift */,
			);
			path = Views;
			sourceTree = "<group>";
		};
		759BF249262C482C003D8FAE /* FirebaseStorageService */ = {
			isa = PBXGroup;
			children = (
				759BF24A262C483C003D8FAE /* FirebaseStorageService.swift */,
			);
			path = FirebaseStorageService;
			sourceTree = "<group>";
		};
		75A931E8263B3DAE004BEC08 /* Models */ = {
			isa = PBXGroup;
			children = (
				75803E8B26307D400022B1F2 /* ChatRoomModel.swift */,
				75803E8F26307D870022B1F2 /* MessageModel.swift */,
			);
			path = Models;
			sourceTree = "<group>";
		};
		75A9F5F1262466C200A9680F /* Email */ = {
			isa = PBXGroup;
			children = (
				75A9F601262467AF00A9680F /* AuthenticationRouter.swift */,
				754DAB03261B849900F96D0A /* AuthenticationViewModel.swift */,
				7531224E25FFF533004E59E5 /* AuthenticationViewController.swift */,
				7531226925FFF5F5004E59E5 /* AuthenticationViewController.storyboard */,
			);
			path = Email;
			sourceTree = "<group>";
		};
		75A9F5F2262466D200A9680F /* Password */ = {
			isa = PBXGroup;
			children = (
				75A9F5FD262467A000A9680F /* PasswordRouter.swift */,
				75A9F5F72624678600A9680F /* PasswordViewModel.swift */,
				75A9F5F42624673600A9680F /* PasswordViewController.swift */,
				75A9F5FA2624679600A9680F /* PasswordViewController.storyboard */,
			);
			path = Password;
			sourceTree = "<group>";
		};
		75E82E4825F6796A0058293D /* Extensions */ = {
			isa = PBXGroup;
			children = (
				75E82E4925F679710058293D /* UINavigationController+Completion.swift */,
				752252C6261B8CB7001DA6AF /* UIViewController+LocalExtensions.swift */,
				75E82E5025F67A7E0058293D /* UIStoryboard+Extensions.swift */,
				751EEB3325FA97050077E8A5 /* List+Separator.swift */,
				754DAAFF261B83EC00F96D0A /* UIView+Extension.swift */,
				7531224A25FFF0E3004E59E5 /* View+Extensions.swift */,
			);
			path = Extensions;
			sourceTree = "<group>";
		};
		75E82E5325F67A990058293D /* Utilities */ = {
			isa = PBXGroup;
			children = (
				753122CF25FFFAA9004E59E5 /* Bindings */,
				75E82E5425F67AA50058293D /* NameDescribable.swift */,
				75E82E6225F684000058293D /* String+LocalExtensions.swift */,
				759BF1B926286A58003D8FAE /* Codable+Extensions.swift */,
			);
			path = Utilities;
			sourceTree = "<group>";
		};
		75E82E5925F67DD10058293D /* Models */ = {
			isa = PBXGroup;
			children = (
				75E82E5A25F67DE20058293D /* ContactModel.swift */,
			);
			path = Models;
			sourceTree = "<group>";
		};
		75E82E5D25F67E090058293D /* Services */ = {
			isa = PBXGroup;
			children = (
				75803E9226307E9E0022B1F2 /* UserLocationService */,
				759BF249262C482C003D8FAE /* FirebaseStorageService */,
				753122B525FFFA46004E59E5 /* FirebaseAuthenticationService */,
				753122AF25FFFA45004E59E5 /* FirestoreService */,
				753122B925FFFA48004E59E5 /* PersistantStoreService */,
				75E82E5E25F67E160058293D /* ContactsService.swift */,
			);
			path = Services;
			sourceTree = "<group>";
		};
		75FC9611264468E2009547BA /* DateFormattingManager */ = {
			isa = PBXGroup;
			children = (
				75FC9612264468F0009547BA /* DateFormattingManager.swift */,
			);
			path = DateFormattingManager;
			sourceTree = "<group>";
		};
		B0A51E3C6053894A6C7BFC19 /* Pods */ = {
			isa = PBXGroup;
			children = (
				6BAD0A6A91204E84DDFB3CD0 /* Pods-Messager.debug.xcconfig */,
				019F2A6C07A5272AE194A8E0 /* Pods-Messager.release.xcconfig */,
			);
			path = Pods;
			sourceTree = "<group>";
		};
		ED473402D20F023ECBF43306 /* Frameworks */ = {
			isa = PBXGroup;
			children = (
				6808EA7362D5992EBE982C06 /* Pods_Messager.framework */,
			);
			name = Frameworks;
			sourceTree = "<group>";
		};
/* End PBXGroup section */

/* Begin PBXNativeTarget section */
		7564E98525E8090B003F4933 /* Messager */ = {
			isa = PBXNativeTarget;
			buildConfigurationList = 7564E99A25E8090F003F4933 /* Build configuration list for PBXNativeTarget "Messager" */;
			buildPhases = (
				7C889542F8ABB88FD2EFB55A /* [CP] Check Pods Manifest.lock */,
				7564E98225E8090B003F4933 /* Sources */,
				7564E98325E8090B003F4933 /* Frameworks */,
				7564E98425E8090B003F4933 /* Resources */,
				8747678CCE4D1A9F4E61F6F7 /* [CP] Embed Pods Frameworks */,
			);
			buildRules = (
			);
			dependencies = (
			);
			name = Messager;
			productName = Messager;
			productReference = 7564E98625E8090B003F4933 /* Messager.app */;
			productType = "com.apple.product-type.application";
		};
/* End PBXNativeTarget section */

/* Begin PBXProject section */
		7564E97E25E8090B003F4933 /* Project object */ = {
			isa = PBXProject;
			attributes = {
				LastSwiftUpdateCheck = 1240;
				LastUpgradeCheck = 1240;
				TargetAttributes = {
					7564E98525E8090B003F4933 = {
						CreatedOnToolsVersion = 12.4;
					};
				};
			};
			buildConfigurationList = 7564E98125E8090B003F4933 /* Build configuration list for PBXProject "Messager" */;
			compatibilityVersion = "Xcode 9.3";
			developmentRegion = en;
			hasScannedForEncodings = 0;
			knownRegions = (
				en,
				Base,
			);
			mainGroup = 7564E97D25E8090B003F4933;
			productRefGroup = 7564E98725E8090B003F4933 /* Products */;
			projectDirPath = "";
			projectRoot = "";
			targets = (
				7564E98525E8090B003F4933 /* Messager */,
			);
		};
/* End PBXProject section */

/* Begin PBXResourcesBuildPhase section */
		7564E98425E8090B003F4933 /* Resources */ = {
			isa = PBXResourcesBuildPhase;
			buildActionMask = 2147483647;
			files = (
				759BF19C262835AD003D8FAE /* ChatRoomsListViewController.storyboard in Resources */,
				7566B9A0262C6A75008729F3 /* WelcomeScreenViewController.storyboard in Resources */,
				7564E99625E8090F003F4933 /* LaunchScreen.storyboard in Resources */,
				759BF18F262734F1003D8FAE /* CreateProfileViewController.storyboard in Resources */,
				7531226A25FFF5F5004E59E5 /* AuthenticationViewController.storyboard in Resources */,
				7564E99F25E80BC0003F4933 /* GoogleService-Info.plist in Resources */,
				75E82E4E25F67A1D0058293D /* TabBarController.storyboard in Resources */,
				759BF225262C46A7003D8FAE /* Countries.bundle in Resources */,
				759E10DB2637494E00188211 /* ChatRoomViewController.storyboard in Resources */,
				75A9F5FB2624679600A9680F /* PasswordViewController.storyboard in Resources */,
				7564E99325E8090F003F4933 /* Assets.xcassets in Resources */,
				7564E99125E8090B003F4933 /* Main.storyboard in Resources */,
			);
			runOnlyForDeploymentPostprocessing = 0;
		};
/* End PBXResourcesBuildPhase section */

/* Begin PBXShellScriptBuildPhase section */
		7C889542F8ABB88FD2EFB55A /* [CP] Check Pods Manifest.lock */ = {
			isa = PBXShellScriptBuildPhase;
			buildActionMask = 2147483647;
			files = (
			);
			inputFileListPaths = (
			);
			inputPaths = (
				"${PODS_PODFILE_DIR_PATH}/Podfile.lock",
				"${PODS_ROOT}/Manifest.lock",
			);
			name = "[CP] Check Pods Manifest.lock";
			outputFileListPaths = (
			);
			outputPaths = (
				"$(DERIVED_FILE_DIR)/Pods-Messager-checkManifestLockResult.txt",
			);
			runOnlyForDeploymentPostprocessing = 0;
			shellPath = /bin/sh;
			shellScript = "diff \"${PODS_PODFILE_DIR_PATH}/Podfile.lock\" \"${PODS_ROOT}/Manifest.lock\" > /dev/null\nif [ $? != 0 ] ; then\n    # print error to STDERR\n    echo \"error: The sandbox is not in sync with the Podfile.lock. Run 'pod install' or update your CocoaPods installation.\" >&2\n    exit 1\nfi\n# This output is used by Xcode 'outputs' to avoid re-running this script phase.\necho \"SUCCESS\" > \"${SCRIPT_OUTPUT_FILE_0}\"\n";
			showEnvVarsInLog = 0;
		};
		8747678CCE4D1A9F4E61F6F7 /* [CP] Embed Pods Frameworks */ = {
			isa = PBXShellScriptBuildPhase;
			buildActionMask = 2147483647;
			files = (
			);
			inputFileListPaths = (
				"${PODS_ROOT}/Target Support Files/Pods-Messager/Pods-Messager-frameworks-${CONFIGURATION}-input-files.xcfilelist",
			);
			name = "[CP] Embed Pods Frameworks";
			outputFileListPaths = (
				"${PODS_ROOT}/Target Support Files/Pods-Messager/Pods-Messager-frameworks-${CONFIGURATION}-output-files.xcfilelist",
			);
			runOnlyForDeploymentPostprocessing = 0;
			shellPath = /bin/sh;
			shellScript = "\"${PODS_ROOT}/Target Support Files/Pods-Messager/Pods-Messager-frameworks.sh\"\n";
			showEnvVarsInLog = 0;
		};
/* End PBXShellScriptBuildPhase section */

/* Begin PBXSourcesBuildPhase section */
		7564E98225E8090B003F4933 /* Sources */ = {
			isa = PBXSourcesBuildPhase;
			buildActionMask = 2147483647;
			files = (
				759BF216262C46A7003D8FAE /* UIImageView+Extensions.swift in Sources */,
				759BF21B262C46A7003D8FAE /* UITextView+Extensions.swift in Sources */,
				759BF242262C46A7003D8FAE /* Label.swift in Sources */,
				759BF213262C46A7003D8FAE /* TextViewController.swift in Sources */,
				759BF23F262C46A7003D8FAE /* TelegramPickerViewController.swift in Sources */,
				754DAB04261B849900F96D0A /* AuthenticationViewModel.swift in Sources */,
				753122AB25FFF966004E59E5 /* CurrentUserManager.swift in Sources */,
				759BF214262C46A7003D8FAE /* Array+Extensions.swift in Sources */,
				753122C825FFFA49004E59E5 /* PersistantStoreService+User.swift in Sources */,
				759BF215262C46A7003D8FAE /* UISegmentedControl+Extensions.swift in Sources */,
				751EEB3425FA97050077E8A5 /* List+Separator.swift in Sources */,
				759BF234262C46A7003D8FAE /* Address.swift in Sources */,
				754DAB0A261B86BA00F96D0A /* PersistantStorage.swift in Sources */,
				75E82E5525F67AA50058293D /* NameDescribable.swift in Sources */,
				753122D525FFFAA9004E59E5 /* Listener.swift in Sources */,
				759BF238262C46A7003D8FAE /* Contact.swift in Sources */,
				759BF22C262C46A7003D8FAE /* TwoTextFieldsViewController.swift in Sources */,
				754DAAF1261B815700F96D0A /* BaseViewModel.swift in Sources */,
				759BF185262734CB003D8FAE /* CreateProfileViewController.swift in Sources */,
				7566B99D262C699C008729F3 /* WelcomeScreenRouter.swift in Sources */,
				756CEFBB25EE983100B5EA93 /* ProfileView.swift in Sources */,
				759BF18C262734E6003D8FAE /* CreateProfileRouter.swift in Sources */,
				75A931EA263B3FB7004BEC08 /* TabBarViewModel.swift in Sources */,
				753122AA25FFF966004E59E5 /* UserObject.swift in Sources */,
				759BF239262C46A7003D8FAE /* ContactCell.swift in Sources */,
				756CEFB425EE96B800B5EA93 /* ProfileRouter.swift in Sources */,
				759BF230262C46A7003D8FAE /* LocationSearchResultsViewController.swift in Sources */,
				759BF19926283565003D8FAE /* ChatRoomsListRouter.swift in Sources */,
				759BF221262C46A7003D8FAE /* Optional+Extensions.swift in Sources */,
				759BF212262C46A7003D8FAE /* AttributedTextBlock.swift in Sources */,
				759BF23C262C46A7003D8FAE /* ImagePickerViewController.swift in Sources */,
				759BF236262C46A7003D8FAE /* ContactsPickerViewController.swift in Sources */,
				759BF223262C46A7003D8FAE /* Locale+Extensions.swift in Sources */,
				7564E98E25E8090B003F4933 /* ViewController.swift in Sources */,
				75803EA226308A260022B1F2 /* ChatRoomRouter.swift in Sources */,
				759BF229262C46A7003D8FAE /* PhoneCodeCell.swift in Sources */,
				753122BF25FFFA49004E59E5 /* FirestoreError.swift in Sources */,
				759BF1BA26286A58003D8FAE /* Codable+Extensions.swift in Sources */,
				759BF193262834DB003D8FAE /* ChatRoomsListViewController.swift in Sources */,
				754DAAF4261B819900F96D0A /* BaseViewController.swift in Sources */,
				754DAB00261B83EC00F96D0A /* UIView+Extension.swift in Sources */,
				759BF23A262C46A7003D8FAE /* ColorPickerViewController.swift in Sources */,
				75A931EC263B4CD3004BEC08 /* FirestoreService+Chat.swift in Sources */,
				75E82E6325F684000058293D /* String+LocalExtensions.swift in Sources */,
				759BF222262C46A7003D8FAE /* Common+Extensions.swift in Sources */,
				759BF241262C46A7003D8FAE /* LikeButtonCell.swift in Sources */,
				75803EA926308A740022B1F2 /* ChatRoomViewController.swift in Sources */,
				753122C725FFFA49004E59E5 /* PersistantStoreService.swift in Sources */,
				75A9F5F52624673600A9680F /* PasswordViewController.swift in Sources */,
				759BF23B262C46A7003D8FAE /* DatePickerViewController.swift in Sources */,
				759BF21A262C46A7003D8FAE /* String+Extensions.swift in Sources */,
				759BF243262C46A7003D8FAE /* SegmentedControl.swift in Sources */,
				759BF224262C46A7003D8FAE /* UITextField+Extensions.swift in Sources */,
				759BF24B262C483C003D8FAE /* FirebaseStorageService.swift in Sources */,
				759BF1BE2629DCA5003D8FAE /* UserProfileModel.swift in Sources */,
				759BF217262C46A7003D8FAE /* UIViewController+Extensions.swift in Sources */,
				75803E9C263081120022B1F2 /* ChatRoomsCell.swift in Sources */,
				7531224F25FFF533004E59E5 /* AuthenticationViewController.swift in Sources */,
				75803EA626308A440022B1F2 /* ChatRoomViewModel.swift in Sources */,
				759BF189262734E1003D8FAE /* CreateProfileViewModel.swift in Sources */,
				759BF22A262C46A7003D8FAE /* CurrencyCell.swift in Sources */,
				759BF220262C46A7003D8FAE /* UIAlertController+Extensions.swift in Sources */,
				759BF231262C46A7003D8FAE /* LocationPickerViewController.swift in Sources */,
				753122C025FFFA49004E59E5 /* FirestoreService+User.swift in Sources */,
				753122D425FFFAA9004E59E5 /* Signal.swift in Sources */,
				759BF227262C46A7003D8FAE /* LocaleInfo.swift in Sources */,
				75FC9613264468F0009547BA /* DateFormattingManager.swift in Sources */,
				75803E9826307EC80022B1F2 /* LocationCoordinates.swift in Sources */,
				759BF1962628355F003D8FAE /* ChatRoomsListViewModel.swift in Sources */,
				753122C425FFFA49004E59E5 /* AuthenticationError.swift in Sources */,
				759BF21F262C46A7003D8FAE /* UIApplication+Extensions.swift in Sources */,
				75E82E5B25F67DE30058293D /* ContactModel.swift in Sources */,
				759BF219262C46A7003D8FAE /* Date+Extension.swift in Sources */,
				75E82E5F25F67E160058293D /* ContactsService.swift in Sources */,
				759BF22B262C46A7003D8FAE /* CountryCell.swift in Sources */,
				753122C525FFFA49004E59E5 /* FirebaseAuthenticationService.swift in Sources */,
				759BF23E262C46A7003D8FAE /* PhotoLayout.swift in Sources */,
				75E0B3D025EEB6D50028F50B /* ProfileViewModel.swift in Sources */,
				759BF21C262C46A7003D8FAE /* UIColor+Extensions.swift in Sources */,
				75E82E4A25F679710058293D /* UINavigationController+Completion.swift in Sources */,
				759BF246262C46A7003D8FAE /* AlertableButton.swift in Sources */,
				75A9F5FE262467A000A9680F /* PasswordRouter.swift in Sources */,
				759BF218262C46A7003D8FAE /* UIView+Extensions.swift in Sources */,
				759BF244262C46A7003D8FAE /* GradientSlider.swift in Sources */,
				759BF22D262C46A7003D8FAE /* OneTextFieldViewController.swift in Sources */,
				7531224B25FFF0E4004E59E5 /* View+Extensions.swift in Sources */,
				759BF233262C46A7003D8FAE /* Location.swift in Sources */,
				756CEFB825EE972E00B5EA93 /* ContactsRouter.swift in Sources */,
				759BF235262C46A7003D8FAE /* PickerViewViewController.swift in Sources */,
				75E82E5125F67A7E0058293D /* UIStoryboard+Extensions.swift in Sources */,
				756CEFAD25EE95FB00B5EA93 /* TabBarController.swift in Sources */,
				759BF22F262C46A7003D8FAE /* PhotoLibraryPickerViewController.swift in Sources */,
				7566B99A262C6997008729F3 /* WelcomeScreenViewModel.swift in Sources */,
				75A9F602262467AF00A9680F /* AuthenticationRouter.swift in Sources */,
				75A9F5F82624678600A9680F /* PasswordViewModel.swift in Sources */,
				759BF245262C46A7003D8FAE /* AlertableTextField.swift in Sources */,
				75803E8C26307D400022B1F2 /* ChatRoomModel.swift in Sources */,
				752252C7261B8CB7001DA6AF /* UIViewController+LocalExtensions.swift in Sources */,
				75E82E6625F684700058293D /* ContactsViewModel.swift in Sources */,
				759BF237262C46A7003D8FAE /* Contacts.swift in Sources */,
				753122D325FFFAA9004E59E5 /* Property.swift in Sources */,
				759BF226262C46A7003D8FAE /* LocaleStore.swift in Sources */,
				753122C125FFFA49004E59E5 /* FirestoreService.swift in Sources */,
				759BF21E262C46A7003D8FAE /* UISearchBar+Extensions.swift in Sources */,
				759BF232262C46A7003D8FAE /* SearchHistoryManager.swift in Sources */,
				7564E98A25E8090B003F4933 /* AppDelegate.swift in Sources */,
				75E82E4625F675EA0058293D /* BaseRouter.swift in Sources */,
				759BF228262C46A7003D8FAE /* LocalePickerViewController.swift in Sources */,
				75E82E6925F6875A0058293D /* ContactsView.swift in Sources */,
				753122C925FFFA49004E59E5 /* PersistantStoreService+LaunchesCounting.swift in Sources */,
				7566B997262C698D008729F3 /* WelcomeScreenViewController.swift in Sources */,
				751EEB3825FA9A740077E8A5 /* SearchBar.swift in Sources */,
				759BF240262C46A7003D8FAE /* ItemWithPhoto.swift in Sources */,
				759BF21D262C46A7003D8FAE /* UIImage+Extensions.swift in Sources */,
				75803E9026307D870022B1F2 /* MessageModel.swift in Sources */,
				759BF23D262C46A7003D8FAE /* ItemWithImage.swift in Sources */,
				7564E98C25E8090B003F4933 /* SceneDelegate.swift in Sources */,
				75803E9426307EA30022B1F2 /* UserLocationService.swift in Sources */,
				756CEFB025EE963E00B5EA93 /* TabBarRouter.swift in Sources */,
				759BF22E262C46A7003D8FAE /* Assets.swift in Sources */,
			);
			runOnlyForDeploymentPostprocessing = 0;
		};
/* End PBXSourcesBuildPhase section */

/* Begin PBXVariantGroup section */
		7564E98F25E8090B003F4933 /* Main.storyboard */ = {
			isa = PBXVariantGroup;
			children = (
				7564E99025E8090B003F4933 /* Base */,
			);
			name = Main.storyboard;
			sourceTree = "<group>";
		};
		7564E99425E8090F003F4933 /* LaunchScreen.storyboard */ = {
			isa = PBXVariantGroup;
			children = (
				7564E99525E8090F003F4933 /* Base */,
			);
			name = LaunchScreen.storyboard;
			sourceTree = "<group>";
		};
/* End PBXVariantGroup section */

/* Begin XCBuildConfiguration section */
		7564E99825E8090F003F4933 /* Debug */ = {
			isa = XCBuildConfiguration;
			buildSettings = {
				ALWAYS_SEARCH_USER_PATHS = NO;
				CLANG_ANALYZER_NONNULL = YES;
				CLANG_ANALYZER_NUMBER_OBJECT_CONVERSION = YES_AGGRESSIVE;
				CLANG_CXX_LANGUAGE_STANDARD = "gnu++14";
				CLANG_CXX_LIBRARY = "libc++";
				CLANG_ENABLE_MODULES = YES;
				CLANG_ENABLE_OBJC_ARC = YES;
				CLANG_ENABLE_OBJC_WEAK = YES;
				CLANG_WARN_BLOCK_CAPTURE_AUTORELEASING = YES;
				CLANG_WARN_BOOL_CONVERSION = YES;
				CLANG_WARN_COMMA = YES;
				CLANG_WARN_CONSTANT_CONVERSION = YES;
				CLANG_WARN_DEPRECATED_OBJC_IMPLEMENTATIONS = YES;
				CLANG_WARN_DIRECT_OBJC_ISA_USAGE = YES_ERROR;
				CLANG_WARN_DOCUMENTATION_COMMENTS = YES;
				CLANG_WARN_EMPTY_BODY = YES;
				CLANG_WARN_ENUM_CONVERSION = YES;
				CLANG_WARN_INFINITE_RECURSION = YES;
				CLANG_WARN_INT_CONVERSION = YES;
				CLANG_WARN_NON_LITERAL_NULL_CONVERSION = YES;
				CLANG_WARN_OBJC_IMPLICIT_RETAIN_SELF = YES;
				CLANG_WARN_OBJC_LITERAL_CONVERSION = YES;
				CLANG_WARN_OBJC_ROOT_CLASS = YES_ERROR;
				CLANG_WARN_QUOTED_INCLUDE_IN_FRAMEWORK_HEADER = YES;
				CLANG_WARN_RANGE_LOOP_ANALYSIS = YES;
				CLANG_WARN_STRICT_PROTOTYPES = YES;
				CLANG_WARN_SUSPICIOUS_MOVE = YES;
				CLANG_WARN_UNGUARDED_AVAILABILITY = YES_AGGRESSIVE;
				CLANG_WARN_UNREACHABLE_CODE = YES;
				CLANG_WARN__DUPLICATE_METHOD_MATCH = YES;
				COPY_PHASE_STRIP = NO;
				DEBUG_INFORMATION_FORMAT = dwarf;
				ENABLE_STRICT_OBJC_MSGSEND = YES;
				ENABLE_TESTABILITY = YES;
				GCC_C_LANGUAGE_STANDARD = gnu11;
				GCC_DYNAMIC_NO_PIC = NO;
				GCC_NO_COMMON_BLOCKS = YES;
				GCC_OPTIMIZATION_LEVEL = 0;
				GCC_PREPROCESSOR_DEFINITIONS = (
					"DEBUG=1",
					"$(inherited)",
				);
				GCC_WARN_64_TO_32_BIT_CONVERSION = YES;
				GCC_WARN_ABOUT_RETURN_TYPE = YES_ERROR;
				GCC_WARN_UNDECLARED_SELECTOR = YES;
				GCC_WARN_UNINITIALIZED_AUTOS = YES_AGGRESSIVE;
				GCC_WARN_UNUSED_FUNCTION = YES;
				GCC_WARN_UNUSED_VARIABLE = YES;
				IPHONEOS_DEPLOYMENT_TARGET = 14.4;
				MTL_ENABLE_DEBUG_INFO = INCLUDE_SOURCE;
				MTL_FAST_MATH = YES;
				ONLY_ACTIVE_ARCH = YES;
				SDKROOT = iphoneos;
				SWIFT_ACTIVE_COMPILATION_CONDITIONS = DEBUG;
				SWIFT_OPTIMIZATION_LEVEL = "-Onone";
			};
			name = Debug;
		};
		7564E99925E8090F003F4933 /* Release */ = {
			isa = XCBuildConfiguration;
			buildSettings = {
				ALWAYS_SEARCH_USER_PATHS = NO;
				CLANG_ANALYZER_NONNULL = YES;
				CLANG_ANALYZER_NUMBER_OBJECT_CONVERSION = YES_AGGRESSIVE;
				CLANG_CXX_LANGUAGE_STANDARD = "gnu++14";
				CLANG_CXX_LIBRARY = "libc++";
				CLANG_ENABLE_MODULES = YES;
				CLANG_ENABLE_OBJC_ARC = YES;
				CLANG_ENABLE_OBJC_WEAK = YES;
				CLANG_WARN_BLOCK_CAPTURE_AUTORELEASING = YES;
				CLANG_WARN_BOOL_CONVERSION = YES;
				CLANG_WARN_COMMA = YES;
				CLANG_WARN_CONSTANT_CONVERSION = YES;
				CLANG_WARN_DEPRECATED_OBJC_IMPLEMENTATIONS = YES;
				CLANG_WARN_DIRECT_OBJC_ISA_USAGE = YES_ERROR;
				CLANG_WARN_DOCUMENTATION_COMMENTS = YES;
				CLANG_WARN_EMPTY_BODY = YES;
				CLANG_WARN_ENUM_CONVERSION = YES;
				CLANG_WARN_INFINITE_RECURSION = YES;
				CLANG_WARN_INT_CONVERSION = YES;
				CLANG_WARN_NON_LITERAL_NULL_CONVERSION = YES;
				CLANG_WARN_OBJC_IMPLICIT_RETAIN_SELF = YES;
				CLANG_WARN_OBJC_LITERAL_CONVERSION = YES;
				CLANG_WARN_OBJC_ROOT_CLASS = YES_ERROR;
				CLANG_WARN_QUOTED_INCLUDE_IN_FRAMEWORK_HEADER = YES;
				CLANG_WARN_RANGE_LOOP_ANALYSIS = YES;
				CLANG_WARN_STRICT_PROTOTYPES = YES;
				CLANG_WARN_SUSPICIOUS_MOVE = YES;
				CLANG_WARN_UNGUARDED_AVAILABILITY = YES_AGGRESSIVE;
				CLANG_WARN_UNREACHABLE_CODE = YES;
				CLANG_WARN__DUPLICATE_METHOD_MATCH = YES;
				COPY_PHASE_STRIP = NO;
				DEBUG_INFORMATION_FORMAT = "dwarf-with-dsym";
				ENABLE_NS_ASSERTIONS = NO;
				ENABLE_STRICT_OBJC_MSGSEND = YES;
				GCC_C_LANGUAGE_STANDARD = gnu11;
				GCC_NO_COMMON_BLOCKS = YES;
				GCC_WARN_64_TO_32_BIT_CONVERSION = YES;
				GCC_WARN_ABOUT_RETURN_TYPE = YES_ERROR;
				GCC_WARN_UNDECLARED_SELECTOR = YES;
				GCC_WARN_UNINITIALIZED_AUTOS = YES_AGGRESSIVE;
				GCC_WARN_UNUSED_FUNCTION = YES;
				GCC_WARN_UNUSED_VARIABLE = YES;
				IPHONEOS_DEPLOYMENT_TARGET = 14.4;
				MTL_ENABLE_DEBUG_INFO = NO;
				MTL_FAST_MATH = YES;
				SDKROOT = iphoneos;
				SWIFT_COMPILATION_MODE = wholemodule;
				SWIFT_OPTIMIZATION_LEVEL = "-O";
				VALIDATE_PRODUCT = YES;
			};
			name = Release;
		};
		7564E99B25E8090F003F4933 /* Debug */ = {
			isa = XCBuildConfiguration;
			baseConfigurationReference = 6BAD0A6A91204E84DDFB3CD0 /* Pods-Messager.debug.xcconfig */;
			buildSettings = {
				ASSETCATALOG_COMPILER_APPICON_NAME = AppIcon;
				ASSETCATALOG_COMPILER_GLOBAL_ACCENT_COLOR_NAME = AccentColor;
				CODE_SIGN_STYLE = Automatic;
				DEVELOPMENT_TEAM = 2S37ALRG49;
				INFOPLIST_FILE = Messager/Info.plist;
				IPHONEOS_DEPLOYMENT_TARGET = 13.0;
				LD_RUNPATH_SEARCH_PATHS = (
					"$(inherited)",
					"@executable_path/Frameworks",
				);
				PRODUCT_BUNDLE_IDENTIFIER = Sharaga.Messager;
				PRODUCT_NAME = "$(TARGET_NAME)";
				SWIFT_VERSION = 5.0;
				TARGETED_DEVICE_FAMILY = "1,2";
			};
			name = Debug;
		};
		7564E99C25E8090F003F4933 /* Release */ = {
			isa = XCBuildConfiguration;
			baseConfigurationReference = 019F2A6C07A5272AE194A8E0 /* Pods-Messager.release.xcconfig */;
			buildSettings = {
				ASSETCATALOG_COMPILER_APPICON_NAME = AppIcon;
				ASSETCATALOG_COMPILER_GLOBAL_ACCENT_COLOR_NAME = AccentColor;
				CODE_SIGN_STYLE = Automatic;
				DEVELOPMENT_TEAM = 2S37ALRG49;
				INFOPLIST_FILE = Messager/Info.plist;
				IPHONEOS_DEPLOYMENT_TARGET = 13.0;
				LD_RUNPATH_SEARCH_PATHS = (
					"$(inherited)",
					"@executable_path/Frameworks",
				);
				PRODUCT_BUNDLE_IDENTIFIER = Sharaga.Messager;
				PRODUCT_NAME = "$(TARGET_NAME)";
				SWIFT_VERSION = 5.0;
				TARGETED_DEVICE_FAMILY = "1,2";
			};
			name = Release;
		};
/* End XCBuildConfiguration section */

/* Begin XCConfigurationList section */
		7564E98125E8090B003F4933 /* Build configuration list for PBXProject "Messager" */ = {
			isa = XCConfigurationList;
			buildConfigurations = (
				7564E99825E8090F003F4933 /* Debug */,
				7564E99925E8090F003F4933 /* Release */,
			);
			defaultConfigurationIsVisible = 0;
			defaultConfigurationName = Release;
		};
		7564E99A25E8090F003F4933 /* Build configuration list for PBXNativeTarget "Messager" */ = {
			isa = XCConfigurationList;
			buildConfigurations = (
				7564E99B25E8090F003F4933 /* Debug */,
				7564E99C25E8090F003F4933 /* Release */,
			);
			defaultConfigurationIsVisible = 0;
			defaultConfigurationName = Release;
		};
/* End XCConfigurationList section */
	};
	rootObject = 7564E97E25E8090B003F4933 /* Project object */;
}
